// !$*UTF8*$!
{
	archiveVersion = 1;
	classes = {
	};
	objectVersion = 63;
	objects = {

/* Begin PBXBuildFile section */
		B776536C2F8B794CED1EDA21 /* Pods_CocoaPods_aula.framework in Frameworks */ = {isa = PBXBuildFile; fileRef = C7AADFC1C4FC49ACA1A50F07 /* Pods_CocoaPods_aula.framework */; };
		C44357822CB498E200AFCB7D /* AppDelegate.swift in Sources */ = {isa = PBXBuildFile; fileRef = C44357782CB498E200AFCB7D /* AppDelegate.swift */; };
		C44357832CB498E200AFCB7D /* SceneDelegate.swift in Sources */ = {isa = PBXBuildFile; fileRef = C443577F2CB498E200AFCB7D /* SceneDelegate.swift */; };
		C44357842CB498E200AFCB7D /* ViewController.swift in Sources */ = {isa = PBXBuildFile; fileRef = C44357802CB498E200AFCB7D /* ViewController.swift */; };
		C44357852CB498E200AFCB7D /* Assets.xcassets in Resources */ = {isa = PBXBuildFile; fileRef = C44357792CB498E200AFCB7D /* Assets.xcassets */; };
		C44357872CB498E200AFCB7D /* LaunchScreen.storyboard in Resources */ = {isa = PBXBuildFile; fileRef = C443577C2CB498E200AFCB7D /* LaunchScreen.storyboard */; };
		C44357882CB498E200AFCB7D /* Main.storyboard in Resources */ = {isa = PBXBuildFile; fileRef = C443577E2CB498E200AFCB7D /* Main.storyboard */; };
/* End PBXBuildFile section */

/* Begin PBXFileReference section */
		1B61BCA1542C7882376BC690 /* Pods-CocoaPods-aula.release.xcconfig */ = {isa = PBXFileReference; includeInIndex = 1; lastKnownFileType = text.xcconfig; name = "Pods-CocoaPods-aula.release.xcconfig"; path = "Target Support Files/Pods-CocoaPods-aula/Pods-CocoaPods-aula.release.xcconfig"; sourceTree = "<group>"; };
		C44357602CB498D900AFCB7D /* CocoaPods-aula.app */ = {isa = PBXFileReference; explicitFileType = wrapper.application; includeInIndex = 0; path = "CocoaPods-aula.app"; sourceTree = BUILT_PRODUCTS_DIR; };
		C44357782CB498E200AFCB7D /* AppDelegate.swift */ = {isa = PBXFileReference; lastKnownFileType = sourcecode.swift; path = AppDelegate.swift; sourceTree = "<group>"; };
		C44357792CB498E200AFCB7D /* Assets.xcassets */ = {isa = PBXFileReference; lastKnownFileType = folder.assetcatalog; path = Assets.xcassets; sourceTree = "<group>"; };
		C443577A2CB498E200AFCB7D /* Info.plist */ = {isa = PBXFileReference; lastKnownFileType = text.plist.xml; path = Info.plist; sourceTree = "<group>"; };
		C443577B2CB498E200AFCB7D /* Base */ = {isa = PBXFileReference; lastKnownFileType = file.storyboard; name = Base; path = Base.lproj/LaunchScreen.storyboard; sourceTree = "<group>"; };
		C443577D2CB498E200AFCB7D /* Base */ = {isa = PBXFileReference; lastKnownFileType = file.storyboard; name = Base; path = Base.lproj/Main.storyboard; sourceTree = "<group>"; };
		C443577F2CB498E200AFCB7D /* SceneDelegate.swift */ = {isa = PBXFileReference; lastKnownFileType = sourcecode.swift; path = SceneDelegate.swift; sourceTree = "<group>"; };
		C44357802CB498E200AFCB7D /* ViewController.swift */ = {isa = PBXFileReference; lastKnownFileType = sourcecode.swift; path = ViewController.swift; sourceTree = "<group>"; };
		C7AADFC1C4FC49ACA1A50F07 /* Pods_CocoaPods_aula.framework */ = {isa = PBXFileReference; explicitFileType = wrapper.framework; includeInIndex = 0; path = Pods_CocoaPods_aula.framework; sourceTree = BUILT_PRODUCTS_DIR; };
		DD70D46CF7CB36A93EC04596 /* Pods-CocoaPods-aula.debug.xcconfig */ = {isa = PBXFileReference; includeInIndex = 1; lastKnownFileType = text.xcconfig; name = "Pods-CocoaPods-aula.debug.xcconfig"; path = "Target Support Files/Pods-CocoaPods-aula/Pods-CocoaPods-aula.debug.xcconfig"; sourceTree = "<group>"; };
/* End PBXFileReference section */

/* Begin PBXFrameworksBuildPhase section */
		C443575D2CB498D900AFCB7D /* Frameworks */ = {
			isa = PBXFrameworksBuildPhase;
			buildActionMask = 2147483647;
			files = (
				B776536C2F8B794CED1EDA21 /* Pods_CocoaPods_aula.framework in Frameworks */,
			);
			runOnlyForDeploymentPostprocessing = 0;
		};
/* End PBXFrameworksBuildPhase section */

/* Begin PBXGroup section */
		AE9A1CA03281BF74F2A133FA /* Pods */ = {
			isa = PBXGroup;
			children = (
				DD70D46CF7CB36A93EC04596 /* Pods-CocoaPods-aula.debug.xcconfig */,
				1B61BCA1542C7882376BC690 /* Pods-CocoaPods-aula.release.xcconfig */,
			);
			name = Pods;
			path = Pods;
			sourceTree = "<group>";
		};
		C44357572CB498D900AFCB7D = {
			isa = PBXGroup;
			children = (
				C44357812CB498E200AFCB7D /* CocoaPods-aula */,
				C44357612CB498D900AFCB7D /* Products */,
				AE9A1CA03281BF74F2A133FA /* Pods */,
				C6ED767C86E6AA68119838EA /* Frameworks */,
			);
			sourceTree = "<group>";
		};
		C44357612CB498D900AFCB7D /* Products */ = {
			isa = PBXGroup;
			children = (
				C44357602CB498D900AFCB7D /* CocoaPods-aula.app */,
			);
			name = Products;
			sourceTree = "<group>";
		};
		C44357812CB498E200AFCB7D /* CocoaPods-aula */ = {
			isa = PBXGroup;
			children = (
				C44357892CB498E500AFCB7D /* Resources */,
				C443577A2CB498E200AFCB7D /* Info.plist */,
				C443577E2CB498E200AFCB7D /* Main.storyboard */,
				C44357802CB498E200AFCB7D /* ViewController.swift */,
			);
			path = "CocoaPods-aula";
			sourceTree = "<group>";
		};
		C44357892CB498E500AFCB7D /* Resources */ = {
			isa = PBXGroup;
			children = (
				C44357782CB498E200AFCB7D /* AppDelegate.swift */,
				C44357792CB498E200AFCB7D /* Assets.xcassets */,
				C443577C2CB498E200AFCB7D /* LaunchScreen.storyboard */,
				C443577F2CB498E200AFCB7D /* SceneDelegate.swift */,
			);
			path = Resources;
			sourceTree = "<group>";
		};
		C6ED767C86E6AA68119838EA /* Frameworks */ = {
			isa = PBXGroup;
			children = (
				C7AADFC1C4FC49ACA1A50F07 /* Pods_CocoaPods_aula.framework */,
			);
			name = Frameworks;
			sourceTree = "<group>";
		};
/* End PBXGroup section */

/* Begin PBXNativeTarget section */
		C443575F2CB498D900AFCB7D /* CocoaPods-aula */ = {
			isa = PBXNativeTarget;
			buildConfigurationList = C44357732CB498DC00AFCB7D /* Build configuration list for PBXNativeTarget "CocoaPods-aula" */;
			buildPhases = (
				60E8CB9958E6AE74E5CB5038 /* [CP] Check Pods Manifest.lock */,
				C443575C2CB498D900AFCB7D /* Sources */,
				C443575D2CB498D900AFCB7D /* Frameworks */,
				C443575E2CB498D900AFCB7D /* Resources */,
				053DD5F8A7762CBB8D1871D9 /* [CP] Embed Pods Frameworks */,
			);
			buildRules = (
			);
			dependencies = (
			);
			name = "CocoaPods-aula";
			productName = "CocoaPods-aula";
			productReference = C44357602CB498D900AFCB7D /* CocoaPods-aula.app */;
			productType = "com.apple.product-type.application";
		};
/* End PBXNativeTarget section */

/* Begin PBXProject section */
		C44357582CB498D900AFCB7D /* Project object */ = {
			isa = PBXProject;
			attributes = {
				BuildIndependentTargetsInParallel = 1;
				LastSwiftUpdateCheck = 1600;
				LastUpgradeCheck = 1600;
				TargetAttributes = {
					C443575F2CB498D900AFCB7D = {
						CreatedOnToolsVersion = 16.0;
					};
				};
			};
			buildConfigurationList = C443575B2CB498D900AFCB7D /* Build configuration list for PBXProject "CocoaPods-aula" */;
			compatibilityVersion = "Xcode 15.0";
			developmentRegion = en;
			hasScannedForEncodings = 0;
			knownRegions = (
				en,
				Base,
			);
			mainGroup = C44357572CB498D900AFCB7D;
			minimizedProjectReferenceProxies = 1;
			productRefGroup = C44357612CB498D900AFCB7D /* Products */;
			projectDirPath = "";
			projectRoot = "";
			targets = (
				C443575F2CB498D900AFCB7D /* CocoaPods-aula */,
			);
		};
/* End PBXProject section */

/* Begin PBXResourcesBuildPhase section */
		C443575E2CB498D900AFCB7D /* Resources */ = {
			isa = PBXResourcesBuildPhase;
			buildActionMask = 2147483647;
			files = (
				C44357852CB498E200AFCB7D /* Assets.xcassets in Resources */,
				C44357872CB498E200AFCB7D /* LaunchScreen.storyboard in Resources */,
				C44357882CB498E200AFCB7D /* Main.storyboard in Resources */,
			);
			runOnlyForDeploymentPostprocessing = 0;
		};
/* End PBXResourcesBuildPhase section */

/* Begin PBXShellScriptBuildPhase section */
		053DD5F8A7762CBB8D1871D9 /* [CP] Embed Pods Frameworks */ = {
			isa = PBXShellScriptBuildPhase;
			buildActionMask = 2147483647;
			files = (
			);
			inputFileListPaths = (
				"${PODS_ROOT}/Target Support Files/Pods-CocoaPods-aula/Pods-CocoaPods-aula-frameworks-${CONFIGURATION}-input-files.xcfilelist",
			);
			name = "[CP] Embed Pods Frameworks";
			outputFileListPaths = (
				"${PODS_ROOT}/Target Support Files/Pods-CocoaPods-aula/Pods-CocoaPods-aula-frameworks-${CONFIGURATION}-output-files.xcfilelist",
			);
			runOnlyForDeploymentPostprocessing = 0;
			shellPath = /bin/sh;
			shellScript = "\"${PODS_ROOT}/Target Support Files/Pods-CocoaPods-aula/Pods-CocoaPods-aula-frameworks.sh\"\n";
			showEnvVarsInLog = 0;
		};
		60E8CB9958E6AE74E5CB5038 /* [CP] Check Pods Manifest.lock */ = {
			isa = PBXShellScriptBuildPhase;
			buildActionMask = 2147483647;
			files = (
			);
			inputFileListPaths = (
			);
			inputPaths = (
				"${PODS_PODFILE_DIR_PATH}/Podfile.lock",
				"${PODS_ROOT}/Manifest.lock",
			);
			name = "[CP] Check Pods Manifest.lock";
			outputFileListPaths = (
			);
			outputPaths = (
				"$(DERIVED_FILE_DIR)/Pods-CocoaPods-aula-checkManifestLockResult.txt",
			);
			runOnlyForDeploymentPostprocessing = 0;
			shellPath = /bin/sh;
			shellScript = "diff \"${PODS_PODFILE_DIR_PATH}/Podfile.lock\" \"${PODS_ROOT}/Manifest.lock\" > /dev/null\nif [ $? != 0 ] ; then\n    # print error to STDERR\n    echo \"error: The sandbox is not in sync with the Podfile.lock. Run 'pod install' or update your CocoaPods installation.\" >&2\n    exit 1\nfi\n# This output is used by Xcode 'outputs' to avoid re-running this script phase.\necho \"SUCCESS\" > \"${SCRIPT_OUTPUT_FILE_0}\"\n";
			showEnvVarsInLog = 0;
		};
/* End PBXShellScriptBuildPhase section */

/* Begin PBXSourcesBuildPhase section */
		C443575C2CB498D900AFCB7D /* Sources */ = {
			isa = PBXSourcesBuildPhase;
			buildActionMask = 2147483647;
			files = (
				C44357822CB498E200AFCB7D /* AppDelegate.swift in Sources */,
				C44357832CB498E200AFCB7D /* SceneDelegate.swift in Sources */,
				C44357842CB498E200AFCB7D /* ViewController.swift in Sources */,
			);
			runOnlyForDeploymentPostprocessing = 0;
		};
/* End PBXSourcesBuildPhase section */

/* Begin PBXVariantGroup section */
		C443577C2CB498E200AFCB7D /* LaunchScreen.storyboard */ = {
			isa = PBXVariantGroup;
			children = (
				C443577B2CB498E200AFCB7D /* Base */,
			);
			name = LaunchScreen.storyboard;
			sourceTree = "<group>";
		};
		C443577E2CB498E200AFCB7D /* Main.storyboard */ = {
			isa = PBXVariantGroup;
			children = (
				C443577D2CB498E200AFCB7D /* Base */,
			);
			name = Main.storyboard;
			sourceTree = "<group>";
		};
/* End PBXVariantGroup section */

/* Begin XCBuildConfiguration section */
		C44357742CB498DC00AFCB7D /* Debug */ = {
			isa = XCBuildConfiguration;
			baseConfigurationReference = DD70D46CF7CB36A93EC04596 /* Pods-CocoaPods-aula.debug.xcconfig */;
			buildSettings = {
				ASSETCATALOG_COMPILER_APPICON_NAME = AppIcon;
				ASSETCATALOG_COMPILER_GLOBAL_ACCENT_COLOR_NAME = AccentColor;
				CODE_SIGN_STYLE = Automatic;
				CURRENT_PROJECT_VERSION = 1;
				GENERATE_INFOPLIST_FILE = YES;
				INFOPLIST_FILE = "CocoaPods-aula/Info.plist";
				INFOPLIST_KEY_UIApplicationSupportsIndirectInputEvents = YES;
				INFOPLIST_KEY_UILaunchStoryboardName = LaunchScreen;
				INFOPLIST_KEY_UIMainStoryboardFile = Main;
				INFOPLIST_KEY_UISupportedInterfaceOrientations_iPad = "UIInterfaceOrientationPortrait UIInterfaceOrientationPortraitUpsideDown UIInterfaceOrientationLandscapeLeft UIInterfaceOrientationLandscapeRight";
				INFOPLIST_KEY_UISupportedInterfaceOrientations_iPhone = "UIInterfaceOrientationPortrait UIInterfaceOrientationLandscapeLeft UIInterfaceOrientationLandscapeRight";
				LD_RUNPATH_SEARCH_PATHS = (
					"$(inherited)",
					"@executable_path/Frameworks",
				);
				MARKETING_VERSION = 1.0;
				PRODUCT_BUNDLE_IDENTIFIER = "GabrielMors.CocoaPods-aula";
				PRODUCT_NAME = "$(TARGET_NAME)";
				SWIFT_EMIT_LOC_STRINGS = YES;
				SWIFT_VERSION = 5.0;
				TARGETED_DEVICE_FAMILY = "1,2";
			};
			name = Debug;
		};
		C44357752CB498DC00AFCB7D /* Release */ = {
			isa = XCBuildConfiguration;
			baseConfigurationReference = 1B61BCA1542C7882376BC690 /* Pods-CocoaPods-aula.release.xcconfig */;
			buildSettings = {
				ASSETCATALOG_COMPILER_APPICON_NAME = AppIcon;
				ASSETCATALOG_COMPILER_GLOBAL_ACCENT_COLOR_NAME = AccentColor;
				CODE_SIGN_STYLE = Automatic;
				CURRENT_PROJECT_VERSION = 1;
				GENERATE_INFOPLIST_FILE = YES;
				INFOPLIST_FILE = "CocoaPods-aula/Info.plist";
				INFOPLIST_KEY_UIApplicationSupportsIndirectInputEvents = YES;
				INFOPLIST_KEY_UILaunchStoryboardName = LaunchScreen;
				INFOPLIST_KEY_UIMainStoryboardFile = Main;
				INFOPLIST_KEY_UISupportedInterfaceOrientations_iPad = "UIInterfaceOrientationPortrait UIInterfaceOrientationPortraitUpsideDown UIInterfaceOrientationLandscapeLeft UIInterfaceOrientationLandscapeRight";
				INFOPLIST_KEY_UISupportedInterfaceOrientations_iPhone = "UIInterfaceOrientationPortrait UIInterfaceOrientationLandscapeLeft UIInterfaceOrientationLandscapeRight";
				LD_RUNPATH_SEARCH_PATHS = (
					"$(inherited)",
					"@executable_path/Frameworks",
				);
				MARKETING_VERSION = 1.0;
				PRODUCT_BUNDLE_IDENTIFIER = "GabrielMors.CocoaPods-aula";
				PRODUCT_NAME = "$(TARGET_NAME)";
				SWIFT_EMIT_LOC_STRINGS = YES;
				SWIFT_VERSION = 5.0;
				TARGETED_DEVICE_FAMILY = "1,2";
			};
			name = Release;
		};
		C44357762CB498DC00AFCB7D /* Debug */ = {
			isa = XCBuildConfiguration;
			buildSettings = {
				ALWAYS_SEARCH_USER_PATHS = NO;
				ASSETCATALOG_COMPILER_GENERATE_SWIFT_ASSET_SYMBOL_EXTENSIONS = YES;
				CLANG_ANALYZER_NONNULL = YES;
				CLANG_ANALYZER_NUMBER_OBJECT_CONVERSION = YES_AGGRESSIVE;
				CLANG_CXX_LANGUAGE_STANDARD = "gnu++20";
				CLANG_ENABLE_MODULES = YES;
				CLANG_ENABLE_OBJC_ARC = YES;
				CLANG_ENABLE_OBJC_WEAK = YES;
				CLANG_WARN_BLOCK_CAPTURE_AUTORELEASING = YES;
				CLANG_WARN_BOOL_CONVERSION = YES;
				CLANG_WARN_COMMA = YES;
				CLANG_WARN_CONSTANT_CONVERSION = YES;
				CLANG_WARN_DEPRECATED_OBJC_IMPLEMENTATIONS = YES;
				CLANG_WARN_DIRECT_OBJC_ISA_USAGE = YES_ERROR;
				CLANG_WARN_DOCUMENTATION_COMMENTS = YES;
				CLANG_WARN_EMPTY_BODY = YES;
				CLANG_WARN_ENUM_CONVERSION = YES;
				CLANG_WARN_INFINITE_RECURSION = YES;
				CLANG_WARN_INT_CONVERSION = YES;
				CLANG_WARN_NON_LITERAL_NULL_CONVERSION = YES;
				CLANG_WARN_OBJC_IMPLICIT_RETAIN_SELF = YES;
				CLANG_WARN_OBJC_LITERAL_CONVERSION = YES;
				CLANG_WARN_OBJC_ROOT_CLASS = YES_ERROR;
				CLANG_WARN_QUOTED_INCLUDE_IN_FRAMEWORK_HEADER = YES;
				CLANG_WARN_RANGE_LOOP_ANALYSIS = YES;
				CLANG_WARN_STRICT_PROTOTYPES = YES;
				CLANG_WARN_SUSPICIOUS_MOVE = YES;
				CLANG_WARN_UNGUARDED_AVAILABILITY = YES_AGGRESSIVE;
				CLANG_WARN_UNREACHABLE_CODE = YES;
				CLANG_WARN__DUPLICATE_METHOD_MATCH = YES;
				COPY_PHASE_STRIP = NO;
				DEBUG_INFORMATION_FORMAT = dwarf;
				ENABLE_STRICT_OBJC_MSGSEND = YES;
				ENABLE_TESTABILITY = YES;
				ENABLE_USER_SCRIPT_SANDBOXING = YES;
				GCC_C_LANGUAGE_STANDARD = gnu17;
				GCC_DYNAMIC_NO_PIC = NO;
				GCC_NO_COMMON_BLOCKS = YES;
				GCC_OPTIMIZATION_LEVEL = 0;
				GCC_PREPROCESSOR_DEFINITIONS = (
					"DEBUG=1",
					"$(inherited)",
				);
				GCC_WARN_64_TO_32_BIT_CONVERSION = YES;
				GCC_WARN_ABOUT_RETURN_TYPE = YES_ERROR;
				GCC_WARN_UNDECLARED_SELECTOR = YES;
				GCC_WARN_UNINITIALIZED_AUTOS = YES_AGGRESSIVE;
				GCC_WARN_UNUSED_FUNCTION = YES;
				GCC_WARN_UNUSED_VARIABLE = YES;
				IPHONEOS_DEPLOYMENT_TARGET = 18.0;
				LOCALIZATION_PREFERS_STRING_CATALOGS = YES;
				MTL_ENABLE_DEBUG_INFO = INCLUDE_SOURCE;
				MTL_FAST_MATH = YES;
				ONLY_ACTIVE_ARCH = YES;
				SDKROOT = iphoneos;
				SWIFT_ACTIVE_COMPILATION_CONDITIONS = "DEBUG $(inherited)";
				SWIFT_OPTIMIZATION_LEVEL = "-Onone";
			};
			name = Debug;
		};
		C44357772CB498DC00AFCB7D /* Release */ = {
			isa = XCBuildConfiguration;
			buildSettings = {
				ALWAYS_SEARCH_USER_PATHS = NO;
				ASSETCATALOG_COMPILER_GENERATE_SWIFT_ASSET_SYMBOL_EXTENSIONS = YES;
				CLANG_ANALYZER_NONNULL = YES;
				CLANG_ANALYZER_NUMBER_OBJECT_CONVERSION = YES_AGGRESSIVE;
				CLANG_CXX_LANGUAGE_STANDARD = "gnu++20";
				CLANG_ENABLE_MODULES = YES;
				CLANG_ENABLE_OBJC_ARC = YES;
				CLANG_ENABLE_OBJC_WEAK = YES;
				CLANG_WARN_BLOCK_CAPTURE_AUTORELEASING = YES;
				CLANG_WARN_BOOL_CONVERSION = YES;
				CLANG_WARN_COMMA = YES;
				CLANG_WARN_CONSTANT_CONVERSION = YES;
				CLANG_WARN_DEPRECATED_OBJC_IMPLEMENTATIONS = YES;
				CLANG_WARN_DIRECT_OBJC_ISA_USAGE = YES_ERROR;
				CLANG_WARN_DOCUMENTATION_COMMENTS = YES;
				CLANG_WARN_EMPTY_BODY = YES;
				CLANG_WARN_ENUM_CONVERSION = YES;
				CLANG_WARN_INFINITE_RECURSION = YES;
				CLANG_WARN_INT_CONVERSION = YES;
				CLANG_WARN_NON_LITERAL_NULL_CONVERSION = YES;
				CLANG_WARN_OBJC_IMPLICIT_RETAIN_SELF = YES;
				CLANG_WARN_OBJC_LITERAL_CONVERSION = YES;
				CLANG_WARN_OBJC_ROOT_CLASS = YES_ERROR;
				CLANG_WARN_QUOTED_INCLUDE_IN_FRAMEWORK_HEADER = YES;
				CLANG_WARN_RANGE_LOOP_ANALYSIS = YES;
				CLANG_WARN_STRICT_PROTOTYPES = YES;
				CLANG_WARN_SUSPICIOUS_MOVE = YES;
				CLANG_WARN_UNGUARDED_AVAILABILITY = YES_AGGRESSIVE;
				CLANG_WARN_UNREACHABLE_CODE = YES;
				CLANG_WARN__DUPLICATE_METHOD_MATCH = YES;
				COPY_PHASE_STRIP = NO;
				DEBUG_INFORMATION_FORMAT = "dwarf-with-dsym";
				ENABLE_NS_ASSERTIONS = NO;
				ENABLE_STRICT_OBJC_MSGSEND = YES;
				ENABLE_USER_SCRIPT_SANDBOXING = YES;
				GCC_C_LANGUAGE_STANDARD = gnu17;
				GCC_NO_COMMON_BLOCKS = YES;
				GCC_WARN_64_TO_32_BIT_CONVERSION = YES;
				GCC_WARN_ABOUT_RETURN_TYPE = YES_ERROR;
				GCC_WARN_UNDECLARED_SELECTOR = YES;
				GCC_WARN_UNINITIALIZED_AUTOS = YES_AGGRESSIVE;
				GCC_WARN_UNUSED_FUNCTION = YES;
				GCC_WARN_UNUSED_VARIABLE = YES;
				IPHONEOS_DEPLOYMENT_TARGET = 18.0;
				LOCALIZATION_PREFERS_STRING_CATALOGS = YES;
				MTL_ENABLE_DEBUG_INFO = NO;
				MTL_FAST_MATH = YES;
				SDKROOT = iphoneos;
				SWIFT_COMPILATION_MODE = wholemodule;
				VALIDATE_PRODUCT = YES;
			};
			name = Release;
		};
/* End XCBuildConfiguration section */

/* Begin XCConfigurationList section */
		C443575B2CB498D900AFCB7D /* Build configuration list for PBXProject "CocoaPods-aula" */ = {
			isa = XCConfigurationList;
			buildConfigurations = (
				C44357762CB498DC00AFCB7D /* Debug */,
				C44357772CB498DC00AFCB7D /* Release */,
			);
			defaultConfigurationIsVisible = 0;
			defaultConfigurationName = Release;
		};
		C44357732CB498DC00AFCB7D /* Build configuration list for PBXNativeTarget "CocoaPods-aula" */ = {
			isa = XCConfigurationList;
			buildConfigurations = (
				C44357742CB498DC00AFCB7D /* Debug */,
				C44357752CB498DC00AFCB7D /* Release */,
			);
			defaultConfigurationIsVisible = 0;
			defaultConfigurationName = Release;
		};
/* End XCConfigurationList section */
	};
	rootObject = C44357582CB498D900AFCB7D /* Project object */;
}
