// !$*UTF8*$!
{
	archiveVersion = 1;
	classes = {
	};
	objectVersion = 56;
	objects = {

/* Begin PBXBuildFile section */
		C466D55F2C7FDB2900562B61 /* AppDelegate.swift in Sources */ = {isa = PBXBuildFile; fileRef = C466D55E2C7FDB2900562B61 /* AppDelegate.swift */; };
		C466D5612C7FDB2900562B61 /* SceneDelegate.swift in Sources */ = {isa = PBXBuildFile; fileRef = C466D5602C7FDB2900562B61 /* SceneDelegate.swift */; };
		C466D5632C7FDB2900562B61 /* ViewController.swift in Sources */ = {isa = PBXBuildFile; fileRef = C466D5622C7FDB2900562B61 /* ViewController.swift */; };
		C466D5662C7FDB2900562B61 /* Base in Resources */ = {isa = PBXBuildFile; fileRef = C466D5652C7FDB2900562B61 /* Base */; };
		C466D5682C7FDB2D00562B61 /* Assets.xcassets in Resources */ = {isa = PBXBuildFile; fileRef = C466D5672C7FDB2D00562B61 /* Assets.xcassets */; };
		C466D56B2C7FDB2D00562B61 /* Base in Resources */ = {isa = PBXBuildFile; fileRef = C466D56A2C7FDB2D00562B61 /* Base */; };
		C466D5772C7FDB9400562B61 /* Tela02ViewController.swift in Sources */ = {isa = PBXBuildFile; fileRef = C466D5762C7FDB9400562B61 /* Tela02ViewController.swift */; };
		C466D5792C7FDB9A00562B61 /* Tela02ViewController.storyboard in Resources */ = {isa = PBXBuildFile; fileRef = C466D5782C7FDB9A00562B61 /* Tela02ViewController.storyboard */; };
/* End PBXBuildFile section */

/* Begin PBXFileReference section */
		C466D55B2C7FDB2900562B61 /* transicaoDeDados.app */ = {isa = PBXFileReference; explicitFileType = wrapper.application; includeInIndex = 0; path = transicaoDeDados.app; sourceTree = BUILT_PRODUCTS_DIR; };
		C466D55E2C7FDB2900562B61 /* AppDelegate.swift */ = {isa = PBXFileReference; lastKnownFileType = sourcecode.swift; path = AppDelegate.swift; sourceTree = "<group>"; };
		C466D5602C7FDB2900562B61 /* SceneDelegate.swift */ = {isa = PBXFileReference; lastKnownFileType = sourcecode.swift; path = SceneDelegate.swift; sourceTree = "<group>"; };
		C466D5622C7FDB2900562B61 /* ViewController.swift */ = {isa = PBXFileReference; lastKnownFileType = sourcecode.swift; path = ViewController.swift; sourceTree = "<group>"; };
		C466D5652C7FDB2900562B61 /* Base */ = {isa = PBXFileReference; lastKnownFileType = file.storyboard; name = Base; path = Base.lproj/Main.storyboard; sourceTree = "<group>"; };
		C466D5672C7FDB2D00562B61 /* Assets.xcassets */ = {isa = PBXFileReference; lastKnownFileType = folder.assetcatalog; path = Assets.xcassets; sourceTree = "<group>"; };
		C466D56A2C7FDB2D00562B61 /* Base */ = {isa = PBXFileReference; lastKnownFileType = file.storyboard; name = Base; path = Base.lproj/LaunchScreen.storyboard; sourceTree = "<group>"; };
		C466D56C2C7FDB2D00562B61 /* Info.plist */ = {isa = PBXFileReference; lastKnownFileType = text.plist.xml; path = Info.plist; sourceTree = "<group>"; };
		C466D5762C7FDB9400562B61 /* Tela02ViewController.swift */ = {isa = PBXFileReference; lastKnownFileType = sourcecode.swift; path = Tela02ViewController.swift; sourceTree = "<group>"; };
		C466D5782C7FDB9A00562B61 /* Tela02ViewController.storyboard */ = {isa = PBXFileReference; lastKnownFileType = file.storyboard; path = Tela02ViewController.storyboard; sourceTree = "<group>"; };
/* End PBXFileReference section */

/* Begin PBXFrameworksBuildPhase section */
		C466D5582C7FDB2900562B61 /* Frameworks */ = {
			isa = PBXFrameworksBuildPhase;
			buildActionMask = 2147483647;
			files = (
			);
			runOnlyForDeploymentPostprocessing = 0;
		};
/* End PBXFrameworksBuildPhase section */

/* Begin PBXGroup section */
		C466D5522C7FDB2900562B61 = {
			isa = PBXGroup;
			children = (
				C466D55D2C7FDB2900562B61 /* transicaoDeDados */,
				C466D55C2C7FDB2900562B61 /* Products */,
			);
			sourceTree = "<group>";
		};
		C466D55C2C7FDB2900562B61 /* Products */ = {
			isa = PBXGroup;
			children = (
				C466D55B2C7FDB2900562B61 /* transicaoDeDados.app */,
			);
			name = Products;
			sourceTree = "<group>";
		};
		C466D55D2C7FDB2900562B61 /* transicaoDeDados */ = {
			isa = PBXGroup;
			children = (
				C4B2CE972C7FDDD300B7294D /* Tela01 */,
				C466D5752C7FDB7200562B61 /* Tela02 */,
				C466D5722C7FDB3400562B61 /* Resources */,
				C466D56C2C7FDB2D00562B61 /* Info.plist */,
			);
			path = transicaoDeDados;
			sourceTree = "<group>";
		};
		C466D5722C7FDB3400562B61 /* Resources */ = {
			isa = PBXGroup;
			children = (
				C466D5672C7FDB2D00562B61 /* Assets.xcassets */,
				C466D5692C7FDB2D00562B61 /* LaunchScreen.storyboard */,
				C466D55E2C7FDB2900562B61 /* AppDelegate.swift */,
				C466D5602C7FDB2900562B61 /* SceneDelegate.swift */,
			);
			path = Resources;
			sourceTree = "<group>";
		};
		C466D5752C7FDB7200562B61 /* Tela02 */ = {
			isa = PBXGroup;
			children = (
				C466D5782C7FDB9A00562B61 /* Tela02ViewController.storyboard */,
				C466D5762C7FDB9400562B61 /* Tela02ViewController.swift */,
			);
			path = Tela02;
			sourceTree = "<group>";
		};
		C4B2CE972C7FDDD300B7294D /* Tela01 */ = {
			isa = PBXGroup;
			children = (
				C466D5642C7FDB2900562B61 /* Main.storyboard */,
				C466D5622C7FDB2900562B61 /* ViewController.swift */,
			);
			path = Tela01;
			sourceTree = "<group>";
		};
/* End PBXGroup section */

/* Begin PBXNativeTarget section */
		C466D55A2C7FDB2900562B61 /* transicaoDeDados */ = {
			isa = PBXNativeTarget;
			buildConfigurationList = C466D56F2C7FDB2D00562B61 /* Build configuration list for PBXNativeTarget "transicaoDeDados" */;
			buildPhases = (
				C466D5572C7FDB2900562B61 /* Sources */,
				C466D5582C7FDB2900562B61 /* Frameworks */,
				C466D5592C7FDB2900562B61 /* Resources */,
			);
			buildRules = (
			);
			dependencies = (
			);
			name = transicaoDeDados;
			productName = transicaoDeDados;
			productReference = C466D55B2C7FDB2900562B61 /* transicaoDeDados.app */;
			productType = "com.apple.product-type.application";
		};
/* End PBXNativeTarget section */

/* Begin PBXProject section */
		C466D5532C7FDB2900562B61 /* Project object */ = {
			isa = PBXProject;
			attributes = {
				BuildIndependentTargetsInParallel = 1;
				LastSwiftUpdateCheck = 1540;
				LastUpgradeCheck = 1540;
				TargetAttributes = {
					C466D55A2C7FDB2900562B61 = {
						CreatedOnToolsVersion = 15.4;
					};
				};
			};
			buildConfigurationList = C466D5562C7FDB2900562B61 /* Build configuration list for PBXProject "transicaoDeDados" */;
			compatibilityVersion = "Xcode 14.0";
			developmentRegion = en;
			hasScannedForEncodings = 0;
			knownRegions = (
				en,
				Base,
			);
			mainGroup = C466D5522C7FDB2900562B61;
			productRefGroup = C466D55C2C7FDB2900562B61 /* Products */;
			projectDirPath = "";
			projectRoot = "";
			targets = (
				C466D55A2C7FDB2900562B61 /* transicaoDeDados */,
			);
		};
/* End PBXProject section */

/* Begin PBXResourcesBuildPhase section */
		C466D5592C7FDB2900562B61 /* Resources */ = {
			isa = PBXResourcesBuildPhase;
			buildActionMask = 2147483647;
			files = (
				C466D5682C7FDB2D00562B61 /* Assets.xcassets in Resources */,
				C466D5792C7FDB9A00562B61 /* Tela02ViewController.storyboard in Resources */,
				C466D56B2C7FDB2D00562B61 /* Base in Resources */,
				C466D5662C7FDB2900562B61 /* Base in Resources */,
			);
			runOnlyForDeploymentPostprocessing = 0;
		};
/* End PBXResourcesBuildPhase section */

/* Begin PBXSourcesBuildPhase section */
		C466D5572C7FDB2900562B61 /* Sources */ = {
			isa = PBXSourcesBuildPhase;
			buildActionMask = 2147483647;
			files = (
				C466D5772C7FDB9400562B61 /* Tela02ViewController.swift in Sources */,
				C466D5632C7FDB2900562B61 /* ViewController.swift in Sources */,
				C466D55F2C7FDB2900562B61 /* AppDelegate.swift in Sources */,
				C466D5612C7FDB2900562B61 /* SceneDelegate.swift in Sources */,
			);
			runOnlyForDeploymentPostprocessing = 0;
		};
/* End PBXSourcesBuildPhase section */

/* Begin PBXVariantGroup section */
		C466D5642C7FDB2900562B61 /* Main.storyboard */ = {
			isa = PBXVariantGroup;
			children = (
				C466D5652C7FDB2900562B61 /* Base */,
			);
			name = Main.storyboard;
			sourceTree = "<group>";
		};
		C466D5692C7FDB2D00562B61 /* LaunchScreen.storyboard */ = {
			isa = PBXVariantGroup;
			children = (
				C466D56A2C7FDB2D00562B61 /* Base */,
			);
			name = LaunchScreen.storyboard;
			sourceTree = "<group>";
		};
/* End PBXVariantGroup section */

/* Begin XCBuildConfiguration section */
		C466D56D2C7FDB2D00562B61 /* Debug */ = {
			isa = XCBuildConfiguration;
			buildSettings = {
				ALWAYS_SEARCH_USER_PATHS = NO;
				ASSETCATALOG_COMPILER_GENERATE_SWIFT_ASSET_SYMBOL_EXTENSIONS = YES;
				CLANG_ANALYZER_NONNULL = YES;
				CLANG_ANALYZER_NUMBER_OBJECT_CONVERSION = YES_AGGRESSIVE;
				CLANG_CXX_LANGUAGE_STANDARD = "gnu++20";
				CLANG_ENABLE_MODULES = YES;
				CLANG_ENABLE_OBJC_ARC = YES;
				CLANG_ENABLE_OBJC_WEAK = YES;
				CLANG_WARN_BLOCK_CAPTURE_AUTORELEASING = YES;
				CLANG_WARN_BOOL_CONVERSION = YES;
				CLANG_WARN_COMMA = YES;
				CLANG_WARN_CONSTANT_CONVERSION = YES;
				CLANG_WARN_DEPRECATED_OBJC_IMPLEMENTATIONS = YES;
				CLANG_WARN_DIRECT_OBJC_ISA_USAGE = YES_ERROR;
				CLANG_WARN_DOCUMENTATION_COMMENTS = YES;
				CLANG_WARN_EMPTY_BODY = YES;
				CLANG_WARN_ENUM_CONVERSION = YES;
				CLANG_WARN_INFINITE_RECURSION = YES;
				CLANG_WARN_INT_CONVERSION = YES;
				CLANG_WARN_NON_LITERAL_NULL_CONVERSION = YES;
				CLANG_WARN_OBJC_IMPLICIT_RETAIN_SELF = YES;
				CLANG_WARN_OBJC_LITERAL_CONVERSION = YES;
				CLANG_WARN_OBJC_ROOT_CLASS = YES_ERROR;
				CLANG_WARN_QUOTED_INCLUDE_IN_FRAMEWORK_HEADER = YES;
				CLANG_WARN_RANGE_LOOP_ANALYSIS = YES;
				CLANG_WARN_STRICT_PROTOTYPES = YES;
				CLANG_WARN_SUSPICIOUS_MOVE = YES;
				CLANG_WARN_UNGUARDED_AVAILABILITY = YES_AGGRESSIVE;
				CLANG_WARN_UNREACHABLE_CODE = YES;
				CLANG_WARN__DUPLICATE_METHOD_MATCH = YES;
				COPY_PHASE_STRIP = NO;
				DEBUG_INFORMATION_FORMAT = dwarf;
				ENABLE_STRICT_OBJC_MSGSEND = YES;
				ENABLE_TESTABILITY = YES;
				ENABLE_USER_SCRIPT_SANDBOXING = YES;
				GCC_C_LANGUAGE_STANDARD = gnu17;
				GCC_DYNAMIC_NO_PIC = NO;
				GCC_NO_COMMON_BLOCKS = YES;
				GCC_OPTIMIZATION_LEVEL = 0;
				GCC_PREPROCESSOR_DEFINITIONS = (
					"DEBUG=1",
					"$(inherited)",
				);
				GCC_WARN_64_TO_32_BIT_CONVERSION = YES;
				GCC_WARN_ABOUT_RETURN_TYPE = YES_ERROR;
				GCC_WARN_UNDECLARED_SELECTOR = YES;
				GCC_WARN_UNINITIALIZED_AUTOS = YES_AGGRESSIVE;
				GCC_WARN_UNUSED_FUNCTION = YES;
				GCC_WARN_UNUSED_VARIABLE = YES;
				IPHONEOS_DEPLOYMENT_TARGET = 17.5;
				LOCALIZATION_PREFERS_STRING_CATALOGS = YES;
				MTL_ENABLE_DEBUG_INFO = INCLUDE_SOURCE;
				MTL_FAST_MATH = YES;
				ONLY_ACTIVE_ARCH = YES;
				SDKROOT = iphoneos;
				SWIFT_ACTIVE_COMPILATION_CONDITIONS = "DEBUG $(inherited)";
				SWIFT_OPTIMIZATION_LEVEL = "-Onone";
			};
			name = Debug;
		};
		C466D56E2C7FDB2D00562B61 /* Release */ = {
			isa = XCBuildConfiguration;
			buildSettings = {
				ALWAYS_SEARCH_USER_PATHS = NO;
				ASSETCATALOG_COMPILER_GENERATE_SWIFT_ASSET_SYMBOL_EXTENSIONS = YES;
				CLANG_ANALYZER_NONNULL = YES;
				CLANG_ANALYZER_NUMBER_OBJECT_CONVERSION = YES_AGGRESSIVE;
				CLANG_CXX_LANGUAGE_STANDARD = "gnu++20";
				CLANG_ENABLE_MODULES = YES;
				CLANG_ENABLE_OBJC_ARC = YES;
				CLANG_ENABLE_OBJC_WEAK = YES;
				CLANG_WARN_BLOCK_CAPTURE_AUTORELEASING = YES;
				CLANG_WARN_BOOL_CONVERSION = YES;
				CLANG_WARN_COMMA = YES;
				CLANG_WARN_CONSTANT_CONVERSION = YES;
				CLANG_WARN_DEPRECATED_OBJC_IMPLEMENTATIONS = YES;
				CLANG_WARN_DIRECT_OBJC_ISA_USAGE = YES_ERROR;
				CLANG_WARN_DOCUMENTATION_COMMENTS = YES;
				CLANG_WARN_EMPTY_BODY = YES;
				CLANG_WARN_ENUM_CONVERSION = YES;
				CLANG_WARN_INFINITE_RECURSION = YES;
				CLANG_WARN_INT_CONVERSION = YES;
				CLANG_WARN_NON_LITERAL_NULL_CONVERSION = YES;
				CLANG_WARN_OBJC_IMPLICIT_RETAIN_SELF = YES;
				CLANG_WARN_OBJC_LITERAL_CONVERSION = YES;
				CLANG_WARN_OBJC_ROOT_CLASS = YES_ERROR;
				CLANG_WARN_QUOTED_INCLUDE_IN_FRAMEWORK_HEADER = YES;
				CLANG_WARN_RANGE_LOOP_ANALYSIS = YES;
				CLANG_WARN_STRICT_PROTOTYPES = YES;
				CLANG_WARN_SUSPICIOUS_MOVE = YES;
				CLANG_WARN_UNGUARDED_AVAILABILITY = YES_AGGRESSIVE;
				CLANG_WARN_UNREACHABLE_CODE = YES;
				CLANG_WARN__DUPLICATE_METHOD_MATCH = YES;
				COPY_PHASE_STRIP = NO;
				DEBUG_INFORMATION_FORMAT = "dwarf-with-dsym";
				ENABLE_NS_ASSERTIONS = NO;
				ENABLE_STRICT_OBJC_MSGSEND = YES;
				ENABLE_USER_SCRIPT_SANDBOXING = YES;
				GCC_C_LANGUAGE_STANDARD = gnu17;
				GCC_NO_COMMON_BLOCKS = YES;
				GCC_WARN_64_TO_32_BIT_CONVERSION = YES;
				GCC_WARN_ABOUT_RETURN_TYPE = YES_ERROR;
				GCC_WARN_UNDECLARED_SELECTOR = YES;
				GCC_WARN_UNINITIALIZED_AUTOS = YES_AGGRESSIVE;
				GCC_WARN_UNUSED_FUNCTION = YES;
				GCC_WARN_UNUSED_VARIABLE = YES;
				IPHONEOS_DEPLOYMENT_TARGET = 17.5;
				LOCALIZATION_PREFERS_STRING_CATALOGS = YES;
				MTL_ENABLE_DEBUG_INFO = NO;
				MTL_FAST_MATH = YES;
				SDKROOT = iphoneos;
				SWIFT_COMPILATION_MODE = wholemodule;
				VALIDATE_PRODUCT = YES;
			};
			name = Release;
		};
		C466D5702C7FDB2D00562B61 /* Debug */ = {
			isa = XCBuildConfiguration;
			buildSettings = {
				ASSETCATALOG_COMPILER_APPICON_NAME = AppIcon;
				ASSETCATALOG_COMPILER_GLOBAL_ACCENT_COLOR_NAME = AccentColor;
				CODE_SIGN_STYLE = Automatic;
				CURRENT_PROJECT_VERSION = 1;
				GENERATE_INFOPLIST_FILE = YES;
				INFOPLIST_FILE = transicaoDeDados/Info.plist;
				INFOPLIST_KEY_UIApplicationSupportsIndirectInputEvents = YES;
				INFOPLIST_KEY_UILaunchStoryboardName = LaunchScreen;
				INFOPLIST_KEY_UIMainStoryboardFile = Main;
				INFOPLIST_KEY_UISupportedInterfaceOrientations_iPad = "UIInterfaceOrientationPortrait UIInterfaceOrientationPortraitUpsideDown UIInterfaceOrientationLandscapeLeft UIInterfaceOrientationLandscapeRight";
				INFOPLIST_KEY_UISupportedInterfaceOrientations_iPhone = "UIInterfaceOrientationPortrait UIInterfaceOrientationLandscapeLeft UIInterfaceOrientationLandscapeRight";
				LD_RUNPATH_SEARCH_PATHS = (
					"$(inherited)",
					"@executable_path/Frameworks",
				);
				MARKETING_VERSION = 1.0;
				PRODUCT_BUNDLE_IDENTIFIER = GabrielMors.transicaoDeDados;
				PRODUCT_NAME = "$(TARGET_NAME)";
				SWIFT_EMIT_LOC_STRINGS = YES;
				SWIFT_VERSION = 5.0;
				TARGETED_DEVICE_FAMILY = "1,2";
			};
			name = Debug;
		};
		C466D5712C7FDB2D00562B61 /* Release */ = {
			isa = XCBuildConfiguration;
			buildSettings = {
				ASSETCATALOG_COMPILER_APPICON_NAME = AppIcon;
				ASSETCATALOG_COMPILER_GLOBAL_ACCENT_COLOR_NAME = AccentColor;
				CODE_SIGN_STYLE = Automatic;
				CURRENT_PROJECT_VERSION = 1;
				GENERATE_INFOPLIST_FILE = YES;
				INFOPLIST_FILE = transicaoDeDados/Info.plist;
				INFOPLIST_KEY_UIApplicationSupportsIndirectInputEvents = YES;
				INFOPLIST_KEY_UILaunchStoryboardName = LaunchScreen;
				INFOPLIST_KEY_UIMainStoryboardFile = Main;
				INFOPLIST_KEY_UISupportedInterfaceOrientations_iPad = "UIInterfaceOrientationPortrait UIInterfaceOrientationPortraitUpsideDown UIInterfaceOrientationLandscapeLeft UIInterfaceOrientationLandscapeRight";
				INFOPLIST_KEY_UISupportedInterfaceOrientations_iPhone = "UIInterfaceOrientationPortrait UIInterfaceOrientationLandscapeLeft UIInterfaceOrientationLandscapeRight";
				LD_RUNPATH_SEARCH_PATHS = (
					"$(inherited)",
					"@executable_path/Frameworks",
				);
				MARKETING_VERSION = 1.0;
				PRODUCT_BUNDLE_IDENTIFIER = GabrielMors.transicaoDeDados;
				PRODUCT_NAME = "$(TARGET_NAME)";
				SWIFT_EMIT_LOC_STRINGS = YES;
				SWIFT_VERSION = 5.0;
				TARGETED_DEVICE_FAMILY = "1,2";
			};
			name = Release;
		};
/* End XCBuildConfiguration section */

/* Begin XCConfigurationList section */
		C466D5562C7FDB2900562B61 /* Build configuration list for PBXProject "transicaoDeDados" */ = {
			isa = XCConfigurationList;
			buildConfigurations = (
				C466D56D2C7FDB2D00562B61 /* Debug */,
				C466D56E2C7FDB2D00562B61 /* Release */,
			);
			defaultConfigurationIsVisible = 0;
			defaultConfigurationName = Release;
		};
		C466D56F2C7FDB2D00562B61 /* Build configuration list for PBXNativeTarget "transicaoDeDados" */ = {
			isa = XCConfigurationList;
			buildConfigurations = (
				C466D5702C7FDB2D00562B61 /* Debug */,
				C466D5712C7FDB2D00562B61 /* Release */,
			);
			defaultConfigurationIsVisible = 0;
			defaultConfigurationName = Release;
		};
/* End XCConfigurationList section */
	};
	rootObject = C466D5532C7FDB2900562B61 /* Project object */;
}
