// !$*UTF8*$!
{
	archiveVersion = 1;
	classes = {
	};
	objectVersion = 63;
	objects = {

/* Begin PBXBuildFile section */
		C40EB6C42CB7395A000B30BA /* Assets.xcassets in Resources */ = {isa = PBXBuildFile; fileRef = C40EB6BA2CB7395A000B30BA /* Assets.xcassets */; };
		C40EB6C52CB7395A000B30BA /* LaunchScreen.storyboard in Resources */ = {isa = PBXBuildFile; fileRef = C40EB6BC2CB7395A000B30BA /* LaunchScreen.storyboard */; };
		C40EB6C82CB7395A000B30BA /* AppDelegate.swift in Sources */ = {isa = PBXBuildFile; fileRef = C40EB6B92CB7395A000B30BA /* AppDelegate.swift */; };
		C40EB6C92CB7395A000B30BA /* SceneDelegate.swift in Sources */ = {isa = PBXBuildFile; fileRef = C40EB6BD2CB7395A000B30BA /* SceneDelegate.swift */; };
		C40EB6CA2CB7395A000B30BA /* ChatViewController.swift in Sources */ = {isa = PBXBuildFile; fileRef = C40EB6C22CB7395A000B30BA /* ChatViewController.swift */; };
		C40EB6CE2CB73BAD000B30BA /* ChatScreen.swift in Sources */ = {isa = PBXBuildFile; fileRef = C40EB6CD2CB73BAC000B30BA /* ChatScreen.swift */; };
		C42D15102CD58A3C006EB213 /* send.wav in Resources */ = {isa = PBXBuildFile; fileRef = C42D150F2CD58A3C006EB213 /* send.wav */; };
		C42D15132CD58FA7006EB213 /* ChatViewModel.swift in Sources */ = {isa = PBXBuildFile; fileRef = C42D15122CD58FA7006EB213 /* ChatViewModel.swift */; };
		C444A97F2CB7594B004C1F4C /* OutgoingTableViewCell.swift in Sources */ = {isa = PBXBuildFile; fileRef = C444A97E2CB7594B004C1F4C /* OutgoingTableViewCell.swift */; };
		C444A9812CB7595C004C1F4C /* IncomingTableViewCell.swift in Sources */ = {isa = PBXBuildFile; fileRef = C444A9802CB7595C004C1F4C /* IncomingTableViewCell.swift */; };
		C444A9842CB759BD004C1F4C /* Message.swift in Sources */ = {isa = PBXBuildFile; fileRef = C444A9832CB759BD004C1F4C /* Message.swift */; };
		C444A9862CB76288004C1F4C /* String+Extension.swift in Sources */ = {isa = PBXBuildFile; fileRef = C444A9852CB76288004C1F4C /* String+Extension.swift */; };
		C444A9882CB76718004C1F4C /* UIFont+Extension.swift in Sources */ = {isa = PBXBuildFile; fileRef = C444A9872CB76711004C1F4C /* UIFont+Extension.swift */; };
		C4D6540E2CB73F73009CE35D /* UIColor+Extension.swift in Sources */ = {isa = PBXBuildFile; fileRef = C4D6540D2CB73F5F009CE35D /* UIColor+Extension.swift */; };
/* End PBXBuildFile section */

/* Begin PBXFileReference section */
		C40EB6A02CB7390B000B30BA /* ChatGPT-Turma365.app */ = {isa = PBXFileReference; explicitFileType = wrapper.application; includeInIndex = 0; path = "ChatGPT-Turma365.app"; sourceTree = BUILT_PRODUCTS_DIR; };
		C40EB6B92CB7395A000B30BA /* AppDelegate.swift */ = {isa = PBXFileReference; lastKnownFileType = sourcecode.swift; path = AppDelegate.swift; sourceTree = "<group>"; };
		C40EB6BA2CB7395A000B30BA /* Assets.xcassets */ = {isa = PBXFileReference; lastKnownFileType = folder.assetcatalog; path = Assets.xcassets; sourceTree = "<group>"; };
		C40EB6BB2CB7395A000B30BA /* Base */ = {isa = PBXFileReference; lastKnownFileType = file.storyboard; name = Base; path = Base.lproj/LaunchScreen.storyboard; sourceTree = "<group>"; };
		C40EB6BD2CB7395A000B30BA /* SceneDelegate.swift */ = {isa = PBXFileReference; lastKnownFileType = sourcecode.swift; path = SceneDelegate.swift; sourceTree = "<group>"; };
		C40EB6BF2CB7395A000B30BA /* Info.plist */ = {isa = PBXFileReference; lastKnownFileType = text.plist.xml; path = Info.plist; sourceTree = "<group>"; };
		C40EB6C22CB7395A000B30BA /* ChatViewController.swift */ = {isa = PBXFileReference; lastKnownFileType = sourcecode.swift; path = ChatViewController.swift; sourceTree = "<group>"; };
		C40EB6CD2CB73BAC000B30BA /* ChatScreen.swift */ = {isa = PBXFileReference; lastKnownFileType = sourcecode.swift; path = ChatScreen.swift; sourceTree = "<group>"; };
		C42D150F2CD58A3C006EB213 /* send.wav */ = {isa = PBXFileReference; lastKnownFileType = audio.wav; path = send.wav; sourceTree = "<group>"; };
		C42D15122CD58FA7006EB213 /* ChatViewModel.swift */ = {isa = PBXFileReference; lastKnownFileType = sourcecode.swift; path = ChatViewModel.swift; sourceTree = "<group>"; };
		C444A97E2CB7594B004C1F4C /* OutgoingTableViewCell.swift */ = {isa = PBXFileReference; lastKnownFileType = sourcecode.swift; path = OutgoingTableViewCell.swift; sourceTree = "<group>"; };
		C444A9802CB7595C004C1F4C /* IncomingTableViewCell.swift */ = {isa = PBXFileReference; lastKnownFileType = sourcecode.swift; path = IncomingTableViewCell.swift; sourceTree = "<group>"; };
		C444A9832CB759BD004C1F4C /* Message.swift */ = {isa = PBXFileReference; lastKnownFileType = sourcecode.swift; path = Message.swift; sourceTree = "<group>"; };
		C444A9852CB76288004C1F4C /* String+Extension.swift */ = {isa = PBXFileReference; lastKnownFileType = sourcecode.swift; path = "String+Extension.swift"; sourceTree = "<group>"; };
		C444A9872CB76711004C1F4C /* UIFont+Extension.swift */ = {isa = PBXFileReference; lastKnownFileType = sourcecode.swift; path = "UIFont+Extension.swift"; sourceTree = "<group>"; };
		C4D6540D2CB73F5F009CE35D /* UIColor+Extension.swift */ = {isa = PBXFileReference; lastKnownFileType = sourcecode.swift; path = "UIColor+Extension.swift"; sourceTree = "<group>"; };
/* End PBXFileReference section */

/* Begin PBXFrameworksBuildPhase section */
		C40EB69D2CB7390B000B30BA /* Frameworks */ = {
			isa = PBXFrameworksBuildPhase;
			buildActionMask = 2147483647;
			files = (
			);
			runOnlyForDeploymentPostprocessing = 0;
		};
/* End PBXFrameworksBuildPhase section */

/* Begin PBXGroup section */
		C40EB6972CB7390B000B30BA = {
			isa = PBXGroup;
			children = (
				C40EB6C32CB7395A000B30BA /* ChatGPT-Turma365 */,
				C40EB6A12CB7390B000B30BA /* Products */,
			);
			sourceTree = "<group>";
		};
		C40EB6A12CB7390B000B30BA /* Products */ = {
			isa = PBXGroup;
			children = (
				C40EB6A02CB7390B000B30BA /* ChatGPT-Turma365.app */,
			);
			name = Products;
			sourceTree = "<group>";
		};
		C40EB6BE2CB7395A000B30BA /* Resources */ = {
			isa = PBXGroup;
			children = (
				C40EB6B92CB7395A000B30BA /* AppDelegate.swift */,
				C40EB6BC2CB7395A000B30BA /* LaunchScreen.storyboard */,
				C40EB6BA2CB7395A000B30BA /* Assets.xcassets */,
				C40EB6BD2CB7395A000B30BA /* SceneDelegate.swift */,
			);
			path = Resources;
			sourceTree = "<group>";
		};
		C40EB6C32CB7395A000B30BA /* ChatGPT-Turma365 */ = {
			isa = PBXGroup;
			children = (
				C444A9822CB759AA004C1F4C /* Model */,
				C4D6540B2CB73F46009CE35D /* Utils */,
				C40EB6CB2CB73A0F000B30BA /* Chat */,
				C42D15112CD58F85006EB213 /* ViewModel */,
				C40EB6BE2CB7395A000B30BA /* Resources */,
				C40EB6BF2CB7395A000B30BA /* Info.plist */,
			);
			path = "ChatGPT-Turma365";
			sourceTree = "<group>";
		};
		C40EB6CB2CB73A0F000B30BA /* Chat */ = {
			isa = PBXGroup;
			children = (
				C444A97D2CB758E7004C1F4C /* Cells */,
				C40EB6CC2CB73B8B000B30BA /* Screen */,
				C40EB6C22CB7395A000B30BA /* ChatViewController.swift */,
			);
			path = Chat;
			sourceTree = "<group>";
		};
		C40EB6CC2CB73B8B000B30BA /* Screen */ = {
			isa = PBXGroup;
			children = (
				C40EB6CD2CB73BAC000B30BA /* ChatScreen.swift */,
			);
			path = Screen;
			sourceTree = "<group>";
		};
		C42D150E2CD58A08006EB213 /* Sound  */ = {
			isa = PBXGroup;
			children = (
				C42D150F2CD58A3C006EB213 /* send.wav */,
			);
			path = "Sound ";
			sourceTree = "<group>";
		};
		C42D15112CD58F85006EB213 /* ViewModel */ = {
			isa = PBXGroup;
			children = (
				C42D15122CD58FA7006EB213 /* ChatViewModel.swift */,
			);
			path = ViewModel;
			sourceTree = "<group>";
		};
		C444A97D2CB758E7004C1F4C /* Cells */ = {
			isa = PBXGroup;
			children = (
				C444A97E2CB7594B004C1F4C /* OutgoingTableViewCell.swift */,
				C444A9802CB7595C004C1F4C /* IncomingTableViewCell.swift */,
			);
			path = Cells;
			sourceTree = "<group>";
		};
		C444A9822CB759AA004C1F4C /* Model */ = {
			isa = PBXGroup;
			children = (
				C444A9832CB759BD004C1F4C /* Message.swift */,
			);
			path = Model;
			sourceTree = "<group>";
		};
		C4D6540B2CB73F46009CE35D /* Utils */ = {
			isa = PBXGroup;
			children = (
				C42D150E2CD58A08006EB213 /* Sound  */,
				C4D6540C2CB73F51009CE35D /* Extension */,
			);
			path = Utils;
			sourceTree = "<group>";
		};
		C4D6540C2CB73F51009CE35D /* Extension */ = {
			isa = PBXGroup;
			children = (
				C444A9872CB76711004C1F4C /* UIFont+Extension.swift */,
				C444A9852CB76288004C1F4C /* String+Extension.swift */,
				C4D6540D2CB73F5F009CE35D /* UIColor+Extension.swift */,
			);
			path = Extension;
			sourceTree = "<group>";
		};
/* End PBXGroup section */

/* Begin PBXNativeTarget section */
		C40EB69F2CB7390B000B30BA /* ChatGPT-Turma365 */ = {
			isa = PBXNativeTarget;
			buildConfigurationList = C40EB6B32CB7390F000B30BA /* Build configuration list for PBXNativeTarget "ChatGPT-Turma365" */;
			buildPhases = (
				C40EB69C2CB7390B000B30BA /* Sources */,
				C40EB69D2CB7390B000B30BA /* Frameworks */,
				C40EB69E2CB7390B000B30BA /* Resources */,
			);
			buildRules = (
			);
			dependencies = (
			);
			name = "ChatGPT-Turma365";
			packageProductDependencies = (
			);
			productName = "ChatGPT-Turma365";
			productReference = C40EB6A02CB7390B000B30BA /* ChatGPT-Turma365.app */;
			productType = "com.apple.product-type.application";
		};
/* End PBXNativeTarget section */

/* Begin PBXProject section */
		C40EB6982CB7390B000B30BA /* Project object */ = {
			isa = PBXProject;
			attributes = {
				BuildIndependentTargetsInParallel = 1;
				LastSwiftUpdateCheck = 1600;
				LastUpgradeCheck = 1600;
				TargetAttributes = {
					C40EB69F2CB7390B000B30BA = {
						CreatedOnToolsVersion = 16.0;
					};
				};
			};
			buildConfigurationList = C40EB69B2CB7390B000B30BA /* Build configuration list for PBXProject "ChatGPT-Turma365" */;
			compatibilityVersion = "Xcode 15.0";
			developmentRegion = en;
			hasScannedForEncodings = 0;
			knownRegions = (
				en,
				Base,
			);
			mainGroup = C40EB6972CB7390B000B30BA;
			minimizedProjectReferenceProxies = 1;
			productRefGroup = C40EB6A12CB7390B000B30BA /* Products */;
			projectDirPath = "";
			projectRoot = "";
			targets = (
				C40EB69F2CB7390B000B30BA /* ChatGPT-Turma365 */,
			);
		};
/* End PBXProject section */

/* Begin PBXResourcesBuildPhase section */
		C40EB69E2CB7390B000B30BA /* Resources */ = {
			isa = PBXResourcesBuildPhase;
			buildActionMask = 2147483647;
			files = (
				C42D15102CD58A3C006EB213 /* send.wav in Resources */,
				C40EB6C42CB7395A000B30BA /* Assets.xcassets in Resources */,
				C40EB6C52CB7395A000B30BA /* LaunchScreen.storyboard in Resources */,
			);
			runOnlyForDeploymentPostprocessing = 0;
		};
/* End PBXResourcesBuildPhase section */

/* Begin PBXSourcesBuildPhase section */
		C40EB69C2CB7390B000B30BA /* Sources */ = {
			isa = PBXSourcesBuildPhase;
			buildActionMask = 2147483647;
			files = (
				C40EB6C82CB7395A000B30BA /* AppDelegate.swift in Sources */,
				C444A9812CB7595C004C1F4C /* IncomingTableViewCell.swift in Sources */,
				C444A97F2CB7594B004C1F4C /* OutgoingTableViewCell.swift in Sources */,
				C40EB6C92CB7395A000B30BA /* SceneDelegate.swift in Sources */,
				C40EB6CA2CB7395A000B30BA /* ChatViewController.swift in Sources */,
				C444A9842CB759BD004C1F4C /* Message.swift in Sources */,
				C40EB6CE2CB73BAD000B30BA /* ChatScreen.swift in Sources */,
				C444A9862CB76288004C1F4C /* String+Extension.swift in Sources */,
				C444A9882CB76718004C1F4C /* UIFont+Extension.swift in Sources */,
				C42D15132CD58FA7006EB213 /* ChatViewModel.swift in Sources */,
				C4D6540E2CB73F73009CE35D /* UIColor+Extension.swift in Sources */,
			);
			runOnlyForDeploymentPostprocessing = 0;
		};
/* End PBXSourcesBuildPhase section */

/* Begin PBXVariantGroup section */
		C40EB6BC2CB7395A000B30BA /* LaunchScreen.storyboard */ = {
			isa = PBXVariantGroup;
			children = (
				C40EB6BB2CB7395A000B30BA /* Base */,
			);
			name = LaunchScreen.storyboard;
			sourceTree = "<group>";
		};
/* End PBXVariantGroup section */

/* Begin XCBuildConfiguration section */
		C40EB6B42CB7390F000B30BA /* Debug */ = {
			isa = XCBuildConfiguration;
			buildSettings = {
				ASSETCATALOG_COMPILER_APPICON_NAME = AppIcon;
				ASSETCATALOG_COMPILER_GLOBAL_ACCENT_COLOR_NAME = AccentColor;
				CODE_SIGN_STYLE = Automatic;
				CURRENT_PROJECT_VERSION = 1;
				GENERATE_INFOPLIST_FILE = YES;
				INFOPLIST_FILE = "ChatGPT-Turma365/Info.plist";
				INFOPLIST_KEY_UIApplicationSupportsIndirectInputEvents = YES;
				INFOPLIST_KEY_UILaunchStoryboardName = LaunchScreen;
				INFOPLIST_KEY_UIMainStoryboardFile = "";
				INFOPLIST_KEY_UISupportedInterfaceOrientations_iPad = "UIInterfaceOrientationPortrait UIInterfaceOrientationPortraitUpsideDown UIInterfaceOrientationLandscapeLeft UIInterfaceOrientationLandscapeRight";
				INFOPLIST_KEY_UISupportedInterfaceOrientations_iPhone = "UIInterfaceOrientationPortrait UIInterfaceOrientationLandscapeLeft UIInterfaceOrientationLandscapeRight";
				LD_RUNPATH_SEARCH_PATHS = (
					"$(inherited)",
					"@executable_path/Frameworks",
				);
				MARKETING_VERSION = 1.0;
				PRODUCT_BUNDLE_IDENTIFIER = "GabrielMors.ChatGPT-Turma365";
				PRODUCT_NAME = "$(TARGET_NAME)";
				SWIFT_EMIT_LOC_STRINGS = YES;
				SWIFT_VERSION = 5.0;
				TARGETED_DEVICE_FAMILY = "1,2";
			};
			name = Debug;
		};
		C40EB6B52CB7390F000B30BA /* Release */ = {
			isa = XCBuildConfiguration;
			buildSettings = {
				ASSETCATALOG_COMPILER_APPICON_NAME = AppIcon;
				ASSETCATALOG_COMPILER_GLOBAL_ACCENT_COLOR_NAME = AccentColor;
				CODE_SIGN_STYLE = Automatic;
				CURRENT_PROJECT_VERSION = 1;
				GENERATE_INFOPLIST_FILE = YES;
				INFOPLIST_FILE = "ChatGPT-Turma365/Info.plist";
				INFOPLIST_KEY_UIApplicationSupportsIndirectInputEvents = YES;
				INFOPLIST_KEY_UILaunchStoryboardName = LaunchScreen;
				INFOPLIST_KEY_UIMainStoryboardFile = "";
				INFOPLIST_KEY_UISupportedInterfaceOrientations_iPad = "UIInterfaceOrientationPortrait UIInterfaceOrientationPortraitUpsideDown UIInterfaceOrientationLandscapeLeft UIInterfaceOrientationLandscapeRight";
				INFOPLIST_KEY_UISupportedInterfaceOrientations_iPhone = "UIInterfaceOrientationPortrait UIInterfaceOrientationLandscapeLeft UIInterfaceOrientationLandscapeRight";
				LD_RUNPATH_SEARCH_PATHS = (
					"$(inherited)",
					"@executable_path/Frameworks",
				);
				MARKETING_VERSION = 1.0;
				PRODUCT_BUNDLE_IDENTIFIER = "GabrielMors.ChatGPT-Turma365";
				PRODUCT_NAME = "$(TARGET_NAME)";
				SWIFT_EMIT_LOC_STRINGS = YES;
				SWIFT_VERSION = 5.0;
				TARGETED_DEVICE_FAMILY = "1,2";
			};
			name = Release;
		};
		C40EB6B62CB7390F000B30BA /* Debug */ = {
			isa = XCBuildConfiguration;
			buildSettings = {
				ALWAYS_SEARCH_USER_PATHS = NO;
				ASSETCATALOG_COMPILER_GENERATE_SWIFT_ASSET_SYMBOL_EXTENSIONS = YES;
				CLANG_ANALYZER_NONNULL = YES;
				CLANG_ANALYZER_NUMBER_OBJECT_CONVERSION = YES_AGGRESSIVE;
				CLANG_CXX_LANGUAGE_STANDARD = "gnu++20";
				CLANG_ENABLE_MODULES = YES;
				CLANG_ENABLE_OBJC_ARC = YES;
				CLANG_ENABLE_OBJC_WEAK = YES;
				CLANG_WARN_BLOCK_CAPTURE_AUTORELEASING = YES;
				CLANG_WARN_BOOL_CONVERSION = YES;
				CLANG_WARN_COMMA = YES;
				CLANG_WARN_CONSTANT_CONVERSION = YES;
				CLANG_WARN_DEPRECATED_OBJC_IMPLEMENTATIONS = YES;
				CLANG_WARN_DIRECT_OBJC_ISA_USAGE = YES_ERROR;
				CLANG_WARN_DOCUMENTATION_COMMENTS = YES;
				CLANG_WARN_EMPTY_BODY = YES;
				CLANG_WARN_ENUM_CONVERSION = YES;
				CLANG_WARN_INFINITE_RECURSION = YES;
				CLANG_WARN_INT_CONVERSION = YES;
				CLANG_WARN_NON_LITERAL_NULL_CONVERSION = YES;
				CLANG_WARN_OBJC_IMPLICIT_RETAIN_SELF = YES;
				CLANG_WARN_OBJC_LITERAL_CONVERSION = YES;
				CLANG_WARN_OBJC_ROOT_CLASS = YES_ERROR;
				CLANG_WARN_QUOTED_INCLUDE_IN_FRAMEWORK_HEADER = YES;
				CLANG_WARN_RANGE_LOOP_ANALYSIS = YES;
				CLANG_WARN_STRICT_PROTOTYPES = YES;
				CLANG_WARN_SUSPICIOUS_MOVE = YES;
				CLANG_WARN_UNGUARDED_AVAILABILITY = YES_AGGRESSIVE;
				CLANG_WARN_UNREACHABLE_CODE = YES;
				CLANG_WARN__DUPLICATE_METHOD_MATCH = YES;
				COPY_PHASE_STRIP = NO;
				DEBUG_INFORMATION_FORMAT = dwarf;
				ENABLE_STRICT_OBJC_MSGSEND = YES;
				ENABLE_TESTABILITY = YES;
				ENABLE_USER_SCRIPT_SANDBOXING = YES;
				GCC_C_LANGUAGE_STANDARD = gnu17;
				GCC_DYNAMIC_NO_PIC = NO;
				GCC_NO_COMMON_BLOCKS = YES;
				GCC_OPTIMIZATION_LEVEL = 0;
				GCC_PREPROCESSOR_DEFINITIONS = (
					"DEBUG=1",
					"$(inherited)",
				);
				GCC_WARN_64_TO_32_BIT_CONVERSION = YES;
				GCC_WARN_ABOUT_RETURN_TYPE = YES_ERROR;
				GCC_WARN_UNDECLARED_SELECTOR = YES;
				GCC_WARN_UNINITIALIZED_AUTOS = YES_AGGRESSIVE;
				GCC_WARN_UNUSED_FUNCTION = YES;
				GCC_WARN_UNUSED_VARIABLE = YES;
				IPHONEOS_DEPLOYMENT_TARGET = 18.0;
				LOCALIZATION_PREFERS_STRING_CATALOGS = YES;
				MTL_ENABLE_DEBUG_INFO = INCLUDE_SOURCE;
				MTL_FAST_MATH = YES;
				ONLY_ACTIVE_ARCH = YES;
				SDKROOT = iphoneos;
				SWIFT_ACTIVE_COMPILATION_CONDITIONS = "DEBUG $(inherited)";
				SWIFT_OPTIMIZATION_LEVEL = "-Onone";
			};
			name = Debug;
		};
		C40EB6B72CB7390F000B30BA /* Release */ = {
			isa = XCBuildConfiguration;
			buildSettings = {
				ALWAYS_SEARCH_USER_PATHS = NO;
				ASSETCATALOG_COMPILER_GENERATE_SWIFT_ASSET_SYMBOL_EXTENSIONS = YES;
				CLANG_ANALYZER_NONNULL = YES;
				CLANG_ANALYZER_NUMBER_OBJECT_CONVERSION = YES_AGGRESSIVE;
				CLANG_CXX_LANGUAGE_STANDARD = "gnu++20";
				CLANG_ENABLE_MODULES = YES;
				CLANG_ENABLE_OBJC_ARC = YES;
				CLANG_ENABLE_OBJC_WEAK = YES;
				CLANG_WARN_BLOCK_CAPTURE_AUTORELEASING = YES;
				CLANG_WARN_BOOL_CONVERSION = YES;
				CLANG_WARN_COMMA = YES;
				CLANG_WARN_CONSTANT_CONVERSION = YES;
				CLANG_WARN_DEPRECATED_OBJC_IMPLEMENTATIONS = YES;
				CLANG_WARN_DIRECT_OBJC_ISA_USAGE = YES_ERROR;
				CLANG_WARN_DOCUMENTATION_COMMENTS = YES;
				CLANG_WARN_EMPTY_BODY = YES;
				CLANG_WARN_ENUM_CONVERSION = YES;
				CLANG_WARN_INFINITE_RECURSION = YES;
				CLANG_WARN_INT_CONVERSION = YES;
				CLANG_WARN_NON_LITERAL_NULL_CONVERSION = YES;
				CLANG_WARN_OBJC_IMPLICIT_RETAIN_SELF = YES;
				CLANG_WARN_OBJC_LITERAL_CONVERSION = YES;
				CLANG_WARN_OBJC_ROOT_CLASS = YES_ERROR;
				CLANG_WARN_QUOTED_INCLUDE_IN_FRAMEWORK_HEADER = YES;
				CLANG_WARN_RANGE_LOOP_ANALYSIS = YES;
				CLANG_WARN_STRICT_PROTOTYPES = YES;
				CLANG_WARN_SUSPICIOUS_MOVE = YES;
				CLANG_WARN_UNGUARDED_AVAILABILITY = YES_AGGRESSIVE;
				CLANG_WARN_UNREACHABLE_CODE = YES;
				CLANG_WARN__DUPLICATE_METHOD_MATCH = YES;
				COPY_PHASE_STRIP = NO;
				DEBUG_INFORMATION_FORMAT = "dwarf-with-dsym";
				ENABLE_NS_ASSERTIONS = NO;
				ENABLE_STRICT_OBJC_MSGSEND = YES;
				ENABLE_USER_SCRIPT_SANDBOXING = YES;
				GCC_C_LANGUAGE_STANDARD = gnu17;
				GCC_NO_COMMON_BLOCKS = YES;
				GCC_WARN_64_TO_32_BIT_CONVERSION = YES;
				GCC_WARN_ABOUT_RETURN_TYPE = YES_ERROR;
				GCC_WARN_UNDECLARED_SELECTOR = YES;
				GCC_WARN_UNINITIALIZED_AUTOS = YES_AGGRESSIVE;
				GCC_WARN_UNUSED_FUNCTION = YES;
				GCC_WARN_UNUSED_VARIABLE = YES;
				IPHONEOS_DEPLOYMENT_TARGET = 18.0;
				LOCALIZATION_PREFERS_STRING_CATALOGS = YES;
				MTL_ENABLE_DEBUG_INFO = NO;
				MTL_FAST_MATH = YES;
				SDKROOT = iphoneos;
				SWIFT_COMPILATION_MODE = wholemodule;
				VALIDATE_PRODUCT = YES;
			};
			name = Release;
		};
/* End XCBuildConfiguration section */

/* Begin XCConfigurationList section */
		C40EB69B2CB7390B000B30BA /* Build configuration list for PBXProject "ChatGPT-Turma365" */ = {
			isa = XCConfigurationList;
			buildConfigurations = (
				C40EB6B62CB7390F000B30BA /* Debug */,
				C40EB6B72CB7390F000B30BA /* Release */,
			);
			defaultConfigurationIsVisible = 0;
			defaultConfigurationName = Release;
		};
		C40EB6B32CB7390F000B30BA /* Build configuration list for PBXNativeTarget "ChatGPT-Turma365" */ = {
			isa = XCConfigurationList;
			buildConfigurations = (
				C40EB6B42CB7390F000B30BA /* Debug */,
				C40EB6B52CB7390F000B30BA /* Release */,
			);
			defaultConfigurationIsVisible = 0;
			defaultConfigurationName = Release;
		};
/* End XCConfigurationList section */
	};
	rootObject = C40EB6982CB7390B000B30BA /* Project object */;
}
