// !$*UTF8*$!
{
	archiveVersion = 1;
	classes = {
	};
	objectVersion = 56;
	objects = {

/* Begin PBXBuildFile section */
		C40F74DF2C9501A500C44FBC /* ViewController.swift in Sources */ = {isa = PBXBuildFile; fileRef = C40F74DE2C9501A500C44FBC /* ViewController.swift */; };
		C40F74E22C9501A500C44FBC /* Base in Resources */ = {isa = PBXBuildFile; fileRef = C40F74E12C9501A500C44FBC /* Base */; };
		C40F74F42C9502FB00C44FBC /* CustomTableViewCell.swift in Sources */ = {isa = PBXBuildFile; fileRef = C40F74F22C9502FB00C44FBC /* CustomTableViewCell.swift */; };
		C40F74F52C9502FB00C44FBC /* CustomTableViewCell.xib in Resources */ = {isa = PBXBuildFile; fileRef = C40F74F32C9502FB00C44FBC /* CustomTableViewCell.xib */; };
		C40F74FA2C95053F00C44FBC /* CustomCollectionViewCell.swift in Sources */ = {isa = PBXBuildFile; fileRef = C40F74F82C95053F00C44FBC /* CustomCollectionViewCell.swift */; };
		C40F74FB2C95053F00C44FBC /* CustomCollectionViewCell.xib in Resources */ = {isa = PBXBuildFile; fileRef = C40F74F92C95053F00C44FBC /* CustomCollectionViewCell.xib */; };
		C40F74FD2C9505F400C44FBC /* AppDelegate.swift in Sources */ = {isa = PBXBuildFile; fileRef = C40F74FC2C9505F400C44FBC /* AppDelegate.swift */; };
		C40F74FF2C95060E00C44FBC /* SceneDelegate.swift in Sources */ = {isa = PBXBuildFile; fileRef = C40F74FE2C95060E00C44FBC /* SceneDelegate.swift */; };
		C40F75012C95062A00C44FBC /* Assets.xcassets in Resources */ = {isa = PBXBuildFile; fileRef = C40F75002C95062A00C44FBC /* Assets.xcassets */; };
		C40F75042C95070F00C44FBC /* LaunchScreen.storyboard in Resources */ = {isa = PBXBuildFile; fileRef = C40F75022C95070E00C44FBC /* LaunchScreen.storyboard */; };
		C40F75062C95176B00C44FBC /* Car.swift in Sources */ = {isa = PBXBuildFile; fileRef = C40F75052C95176B00C44FBC /* Car.swift */; };
/* End PBXBuildFile section */

/* Begin PBXFileReference section */
		C40F74D72C9501A500C44FBC /* CollectionView-Avancado.app */ = {isa = PBXFileReference; explicitFileType = wrapper.application; includeInIndex = 0; path = "CollectionView-Avancado.app"; sourceTree = BUILT_PRODUCTS_DIR; };
		C40F74DE2C9501A500C44FBC /* ViewController.swift */ = {isa = PBXFileReference; lastKnownFileType = sourcecode.swift; path = ViewController.swift; sourceTree = "<group>"; };
		C40F74E12C9501A500C44FBC /* Base */ = {isa = PBXFileReference; lastKnownFileType = file.storyboard; name = Base; path = Base.lproj/Main.storyboard; sourceTree = "<group>"; };
		C40F74E82C9501A700C44FBC /* Info.plist */ = {isa = PBXFileReference; lastKnownFileType = text.plist.xml; path = Info.plist; sourceTree = "<group>"; };
		C40F74F22C9502FB00C44FBC /* CustomTableViewCell.swift */ = {isa = PBXFileReference; lastKnownFileType = sourcecode.swift; path = CustomTableViewCell.swift; sourceTree = "<group>"; };
		C40F74F32C9502FB00C44FBC /* CustomTableViewCell.xib */ = {isa = PBXFileReference; lastKnownFileType = file.xib; path = CustomTableViewCell.xib; sourceTree = "<group>"; };
		C40F74F82C95053F00C44FBC /* CustomCollectionViewCell.swift */ = {isa = PBXFileReference; lastKnownFileType = sourcecode.swift; path = CustomCollectionViewCell.swift; sourceTree = "<group>"; };
		C40F74F92C95053F00C44FBC /* CustomCollectionViewCell.xib */ = {isa = PBXFileReference; lastKnownFileType = file.xib; path = CustomCollectionViewCell.xib; sourceTree = "<group>"; };
		C40F74FC2C9505F400C44FBC /* AppDelegate.swift */ = {isa = PBXFileReference; fileEncoding = 4; lastKnownFileType = sourcecode.swift; name = AppDelegate.swift; path = "CollectionView-Avancado/AppDelegate.swift"; sourceTree = SOURCE_ROOT; };
		C40F74FE2C95060E00C44FBC /* SceneDelegate.swift */ = {isa = PBXFileReference; fileEncoding = 4; lastKnownFileType = sourcecode.swift; name = SceneDelegate.swift; path = "CollectionView-Avancado/SceneDelegate.swift"; sourceTree = SOURCE_ROOT; };
		C40F75002C95062A00C44FBC /* Assets.xcassets */ = {isa = PBXFileReference; lastKnownFileType = folder.assetcatalog; name = Assets.xcassets; path = "CollectionView-Avancado/Assets.xcassets"; sourceTree = SOURCE_ROOT; };
		C40F75032C95070E00C44FBC /* Base */ = {isa = PBXFileReference; lastKnownFileType = file.storyboard; name = Base; path = "CollectionView-Avancado/Base.lproj/LaunchScreen.storyboard"; sourceTree = SOURCE_ROOT; };
		C40F75052C95176B00C44FBC /* Car.swift */ = {isa = PBXFileReference; lastKnownFileType = sourcecode.swift; path = Car.swift; sourceTree = "<group>"; };
/* End PBXFileReference section */

/* Begin PBXFrameworksBuildPhase section */
		C40F74D42C9501A400C44FBC /* Frameworks */ = {
			isa = PBXFrameworksBuildPhase;
			buildActionMask = 2147483647;
			files = (
			);
			runOnlyForDeploymentPostprocessing = 0;
		};
/* End PBXFrameworksBuildPhase section */

/* Begin PBXGroup section */
		C40F74CE2C9501A400C44FBC = {
			isa = PBXGroup;
			children = (
				C40F74D92C9501A500C44FBC /* CollectionView-Avancado */,
				C40F74D82C9501A500C44FBC /* Products */,
			);
			sourceTree = "<group>";
		};
		C40F74D82C9501A500C44FBC /* Products */ = {
			isa = PBXGroup;
			children = (
				C40F74D72C9501A500C44FBC /* CollectionView-Avancado.app */,
			);
			name = Products;
			sourceTree = "<group>";
		};
		C40F74D92C9501A500C44FBC /* CollectionView-Avancado */ = {
			isa = PBXGroup;
			children = (
				C40F74F02C9502B300C44FBC /* Model */,
				C40F74EF2C95029B00C44FBC /* Home */,
				C40F74EE2C95028800C44FBC /* Resources */,
				C40F74E82C9501A700C44FBC /* Info.plist */,
			);
			path = "CollectionView-Avancado";
			sourceTree = "<group>";
		};
		C40F74EE2C95028800C44FBC /* Resources */ = {
			isa = PBXGroup;
			children = (
				C40F74FC2C9505F400C44FBC /* AppDelegate.swift */,
				C40F74FE2C95060E00C44FBC /* SceneDelegate.swift */,
				C40F75002C95062A00C44FBC /* Assets.xcassets */,
				C40F75022C95070E00C44FBC /* LaunchScreen.storyboard */,
			);
			name = Resources;
			path = "New Group";
			sourceTree = "<group>";
		};
		C40F74EF2C95029B00C44FBC /* Home */ = {
			isa = PBXGroup;
			children = (
				C40F74F12C9502CB00C44FBC /* Cell */,
				C40F74DE2C9501A500C44FBC /* ViewController.swift */,
				C40F74E02C9501A500C44FBC /* Main.storyboard */,
			);
			name = Home;
			sourceTree = "<group>";
		};
		C40F74F02C9502B300C44FBC /* Model */ = {
			isa = PBXGroup;
			children = (
				C40F75052C95176B00C44FBC /* Car.swift */,
			);
			name = Model;
			path = "New Group1";
			sourceTree = "<group>";
		};
		C40F74F12C9502CB00C44FBC /* Cell */ = {
			isa = PBXGroup;
			children = (
				C40F74F72C95051900C44FBC /* CellCollectionView */,
				C40F74F62C95050900C44FBC /* CellTableView */,
			);
			name = Cell;
			sourceTree = "<group>";
		};
		C40F74F62C95050900C44FBC /* CellTableView */ = {
			isa = PBXGroup;
			children = (
				C40F74F22C9502FB00C44FBC /* CustomTableViewCell.swift */,
				C40F74F32C9502FB00C44FBC /* CustomTableViewCell.xib */,
			);
			name = CellTableView;
			sourceTree = "<group>";
		};
		C40F74F72C95051900C44FBC /* CellCollectionView */ = {
			isa = PBXGroup;
			children = (
				C40F74F82C95053F00C44FBC /* CustomCollectionViewCell.swift */,
				C40F74F92C95053F00C44FBC /* CustomCollectionViewCell.xib */,
			);
			name = CellCollectionView;
			sourceTree = "<group>";
		};
/* End PBXGroup section */

/* Begin PBXNativeTarget section */
		C40F74D62C9501A400C44FBC /* CollectionView-Avancado */ = {
			isa = PBXNativeTarget;
			buildConfigurationList = C40F74EB2C9501A700C44FBC /* Build configuration list for PBXNativeTarget "CollectionView-Avancado" */;
			buildPhases = (
				C40F74D32C9501A400C44FBC /* Sources */,
				C40F74D42C9501A400C44FBC /* Frameworks */,
				C40F74D52C9501A400C44FBC /* Resources */,
			);
			buildRules = (
			);
			dependencies = (
			);
			name = "CollectionView-Avancado";
			productName = "CollectionView-Avancado";
			productReference = C40F74D72C9501A500C44FBC /* CollectionView-Avancado.app */;
			productType = "com.apple.product-type.application";
		};
/* End PBXNativeTarget section */

/* Begin PBXProject section */
		C40F74CF2C9501A400C44FBC /* Project object */ = {
			isa = PBXProject;
			attributes = {
				BuildIndependentTargetsInParallel = 1;
				LastSwiftUpdateCheck = 1540;
				LastUpgradeCheck = 1540;
				TargetAttributes = {
					C40F74D62C9501A400C44FBC = {
						CreatedOnToolsVersion = 15.4;
					};
				};
			};
			buildConfigurationList = C40F74D22C9501A400C44FBC /* Build configuration list for PBXProject "CollectionView-Avancado" */;
			compatibilityVersion = "Xcode 14.0";
			developmentRegion = en;
			hasScannedForEncodings = 0;
			knownRegions = (
				en,
				Base,
			);
			mainGroup = C40F74CE2C9501A400C44FBC;
			productRefGroup = C40F74D82C9501A500C44FBC /* Products */;
			projectDirPath = "";
			projectRoot = "";
			targets = (
				C40F74D62C9501A400C44FBC /* CollectionView-Avancado */,
			);
		};
/* End PBXProject section */

/* Begin PBXResourcesBuildPhase section */
		C40F74D52C9501A400C44FBC /* Resources */ = {
			isa = PBXResourcesBuildPhase;
			buildActionMask = 2147483647;
			files = (
				C40F74F52C9502FB00C44FBC /* CustomTableViewCell.xib in Resources */,
				C40F74FB2C95053F00C44FBC /* CustomCollectionViewCell.xib in Resources */,
				C40F75042C95070F00C44FBC /* LaunchScreen.storyboard in Resources */,
				C40F75012C95062A00C44FBC /* Assets.xcassets in Resources */,
				C40F74E22C9501A500C44FBC /* Base in Resources */,
			);
			runOnlyForDeploymentPostprocessing = 0;
		};
/* End PBXResourcesBuildPhase section */

/* Begin PBXSourcesBuildPhase section */
		C40F74D32C9501A400C44FBC /* Sources */ = {
			isa = PBXSourcesBuildPhase;
			buildActionMask = 2147483647;
			files = (
				C40F74FD2C9505F400C44FBC /* AppDelegate.swift in Sources */,
				C40F74DF2C9501A500C44FBC /* ViewController.swift in Sources */,
				C40F75062C95176B00C44FBC /* Car.swift in Sources */,
				C40F74FA2C95053F00C44FBC /* CustomCollectionViewCell.swift in Sources */,
				C40F74F42C9502FB00C44FBC /* CustomTableViewCell.swift in Sources */,
				C40F74FF2C95060E00C44FBC /* SceneDelegate.swift in Sources */,
			);
			runOnlyForDeploymentPostprocessing = 0;
		};
/* End PBXSourcesBuildPhase section */

/* Begin PBXVariantGroup section */
		C40F74E02C9501A500C44FBC /* Main.storyboard */ = {
			isa = PBXVariantGroup;
			children = (
				C40F74E12C9501A500C44FBC /* Base */,
			);
			name = Main.storyboard;
			sourceTree = "<group>";
		};
		C40F75022C95070E00C44FBC /* LaunchScreen.storyboard */ = {
			isa = PBXVariantGroup;
			children = (
				C40F75032C95070E00C44FBC /* Base */,
			);
			name = LaunchScreen.storyboard;
			sourceTree = "<group>";
		};
/* End PBXVariantGroup section */

/* Begin XCBuildConfiguration section */
		C40F74E92C9501A700C44FBC /* Debug */ = {
			isa = XCBuildConfiguration;
			buildSettings = {
				ALWAYS_SEARCH_USER_PATHS = NO;
				ASSETCATALOG_COMPILER_GENERATE_SWIFT_ASSET_SYMBOL_EXTENSIONS = YES;
				CLANG_ANALYZER_NONNULL = YES;
				CLANG_ANALYZER_NUMBER_OBJECT_CONVERSION = YES_AGGRESSIVE;
				CLANG_CXX_LANGUAGE_STANDARD = "gnu++20";
				CLANG_ENABLE_MODULES = YES;
				CLANG_ENABLE_OBJC_ARC = YES;
				CLANG_ENABLE_OBJC_WEAK = YES;
				CLANG_WARN_BLOCK_CAPTURE_AUTORELEASING = YES;
				CLANG_WARN_BOOL_CONVERSION = YES;
				CLANG_WARN_COMMA = YES;
				CLANG_WARN_CONSTANT_CONVERSION = YES;
				CLANG_WARN_DEPRECATED_OBJC_IMPLEMENTATIONS = YES;
				CLANG_WARN_DIRECT_OBJC_ISA_USAGE = YES_ERROR;
				CLANG_WARN_DOCUMENTATION_COMMENTS = YES;
				CLANG_WARN_EMPTY_BODY = YES;
				CLANG_WARN_ENUM_CONVERSION = YES;
				CLANG_WARN_INFINITE_RECURSION = YES;
				CLANG_WARN_INT_CONVERSION = YES;
				CLANG_WARN_NON_LITERAL_NULL_CONVERSION = YES;
				CLANG_WARN_OBJC_IMPLICIT_RETAIN_SELF = YES;
				CLANG_WARN_OBJC_LITERAL_CONVERSION = YES;
				CLANG_WARN_OBJC_ROOT_CLASS = YES_ERROR;
				CLANG_WARN_QUOTED_INCLUDE_IN_FRAMEWORK_HEADER = YES;
				CLANG_WARN_RANGE_LOOP_ANALYSIS = YES;
				CLANG_WARN_STRICT_PROTOTYPES = YES;
				CLANG_WARN_SUSPICIOUS_MOVE = YES;
				CLANG_WARN_UNGUARDED_AVAILABILITY = YES_AGGRESSIVE;
				CLANG_WARN_UNREACHABLE_CODE = YES;
				CLANG_WARN__DUPLICATE_METHOD_MATCH = YES;
				COPY_PHASE_STRIP = NO;
				DEBUG_INFORMATION_FORMAT = dwarf;
				ENABLE_STRICT_OBJC_MSGSEND = YES;
				ENABLE_TESTABILITY = YES;
				ENABLE_USER_SCRIPT_SANDBOXING = YES;
				GCC_C_LANGUAGE_STANDARD = gnu17;
				GCC_DYNAMIC_NO_PIC = NO;
				GCC_NO_COMMON_BLOCKS = YES;
				GCC_OPTIMIZATION_LEVEL = 0;
				GCC_PREPROCESSOR_DEFINITIONS = (
					"DEBUG=1",
					"$(inherited)",
				);
				GCC_WARN_64_TO_32_BIT_CONVERSION = YES;
				GCC_WARN_ABOUT_RETURN_TYPE = YES_ERROR;
				GCC_WARN_UNDECLARED_SELECTOR = YES;
				GCC_WARN_UNINITIALIZED_AUTOS = YES_AGGRESSIVE;
				GCC_WARN_UNUSED_FUNCTION = YES;
				GCC_WARN_UNUSED_VARIABLE = YES;
				IPHONEOS_DEPLOYMENT_TARGET = 17.5;
				LOCALIZATION_PREFERS_STRING_CATALOGS = YES;
				MTL_ENABLE_DEBUG_INFO = INCLUDE_SOURCE;
				MTL_FAST_MATH = YES;
				ONLY_ACTIVE_ARCH = YES;
				SDKROOT = iphoneos;
				SWIFT_ACTIVE_COMPILATION_CONDITIONS = "DEBUG $(inherited)";
				SWIFT_OPTIMIZATION_LEVEL = "-Onone";
			};
			name = Debug;
		};
		C40F74EA2C9501A700C44FBC /* Release */ = {
			isa = XCBuildConfiguration;
			buildSettings = {
				ALWAYS_SEARCH_USER_PATHS = NO;
				ASSETCATALOG_COMPILER_GENERATE_SWIFT_ASSET_SYMBOL_EXTENSIONS = YES;
				CLANG_ANALYZER_NONNULL = YES;
				CLANG_ANALYZER_NUMBER_OBJECT_CONVERSION = YES_AGGRESSIVE;
				CLANG_CXX_LANGUAGE_STANDARD = "gnu++20";
				CLANG_ENABLE_MODULES = YES;
				CLANG_ENABLE_OBJC_ARC = YES;
				CLANG_ENABLE_OBJC_WEAK = YES;
				CLANG_WARN_BLOCK_CAPTURE_AUTORELEASING = YES;
				CLANG_WARN_BOOL_CONVERSION = YES;
				CLANG_WARN_COMMA = YES;
				CLANG_WARN_CONSTANT_CONVERSION = YES;
				CLANG_WARN_DEPRECATED_OBJC_IMPLEMENTATIONS = YES;
				CLANG_WARN_DIRECT_OBJC_ISA_USAGE = YES_ERROR;
				CLANG_WARN_DOCUMENTATION_COMMENTS = YES;
				CLANG_WARN_EMPTY_BODY = YES;
				CLANG_WARN_ENUM_CONVERSION = YES;
				CLANG_WARN_INFINITE_RECURSION = YES;
				CLANG_WARN_INT_CONVERSION = YES;
				CLANG_WARN_NON_LITERAL_NULL_CONVERSION = YES;
				CLANG_WARN_OBJC_IMPLICIT_RETAIN_SELF = YES;
				CLANG_WARN_OBJC_LITERAL_CONVERSION = YES;
				CLANG_WARN_OBJC_ROOT_CLASS = YES_ERROR;
				CLANG_WARN_QUOTED_INCLUDE_IN_FRAMEWORK_HEADER = YES;
				CLANG_WARN_RANGE_LOOP_ANALYSIS = YES;
				CLANG_WARN_STRICT_PROTOTYPES = YES;
				CLANG_WARN_SUSPICIOUS_MOVE = YES;
				CLANG_WARN_UNGUARDED_AVAILABILITY = YES_AGGRESSIVE;
				CLANG_WARN_UNREACHABLE_CODE = YES;
				CLANG_WARN__DUPLICATE_METHOD_MATCH = YES;
				COPY_PHASE_STRIP = NO;
				DEBUG_INFORMATION_FORMAT = "dwarf-with-dsym";
				ENABLE_NS_ASSERTIONS = NO;
				ENABLE_STRICT_OBJC_MSGSEND = YES;
				ENABLE_USER_SCRIPT_SANDBOXING = YES;
				GCC_C_LANGUAGE_STANDARD = gnu17;
				GCC_NO_COMMON_BLOCKS = YES;
				GCC_WARN_64_TO_32_BIT_CONVERSION = YES;
				GCC_WARN_ABOUT_RETURN_TYPE = YES_ERROR;
				GCC_WARN_UNDECLARED_SELECTOR = YES;
				GCC_WARN_UNINITIALIZED_AUTOS = YES_AGGRESSIVE;
				GCC_WARN_UNUSED_FUNCTION = YES;
				GCC_WARN_UNUSED_VARIABLE = YES;
				IPHONEOS_DEPLOYMENT_TARGET = 17.5;
				LOCALIZATION_PREFERS_STRING_CATALOGS = YES;
				MTL_ENABLE_DEBUG_INFO = NO;
				MTL_FAST_MATH = YES;
				SDKROOT = iphoneos;
				SWIFT_COMPILATION_MODE = wholemodule;
				VALIDATE_PRODUCT = YES;
			};
			name = Release;
		};
		C40F74EC2C9501A700C44FBC /* Debug */ = {
			isa = XCBuildConfiguration;
			buildSettings = {
				ASSETCATALOG_COMPILER_APPICON_NAME = AppIcon;
				ASSETCATALOG_COMPILER_GLOBAL_ACCENT_COLOR_NAME = AccentColor;
				CODE_SIGN_STYLE = Automatic;
				CURRENT_PROJECT_VERSION = 1;
				GENERATE_INFOPLIST_FILE = YES;
				INFOPLIST_FILE = "CollectionView-Avancado/Info.plist";
				INFOPLIST_KEY_UIApplicationSupportsIndirectInputEvents = YES;
				INFOPLIST_KEY_UILaunchStoryboardName = LaunchScreen;
				INFOPLIST_KEY_UIMainStoryboardFile = Main;
				INFOPLIST_KEY_UISupportedInterfaceOrientations_iPad = "UIInterfaceOrientationPortrait UIInterfaceOrientationPortraitUpsideDown UIInterfaceOrientationLandscapeLeft UIInterfaceOrientationLandscapeRight";
				INFOPLIST_KEY_UISupportedInterfaceOrientations_iPhone = "UIInterfaceOrientationPortrait UIInterfaceOrientationLandscapeLeft UIInterfaceOrientationLandscapeRight";
				LD_RUNPATH_SEARCH_PATHS = (
					"$(inherited)",
					"@executable_path/Frameworks",
				);
				MARKETING_VERSION = 1.0;
				PRODUCT_BUNDLE_IDENTIFIER = "GabrielMors.CollectionView-Avancado";
				PRODUCT_NAME = "$(TARGET_NAME)";
				SWIFT_EMIT_LOC_STRINGS = YES;
				SWIFT_VERSION = 5.0;
				TARGETED_DEVICE_FAMILY = "1,2";
			};
			name = Debug;
		};
		C40F74ED2C9501A700C44FBC /* Release */ = {
			isa = XCBuildConfiguration;
			buildSettings = {
				ASSETCATALOG_COMPILER_APPICON_NAME = AppIcon;
				ASSETCATALOG_COMPILER_GLOBAL_ACCENT_COLOR_NAME = AccentColor;
				CODE_SIGN_STYLE = Automatic;
				CURRENT_PROJECT_VERSION = 1;
				GENERATE_INFOPLIST_FILE = YES;
				INFOPLIST_FILE = "CollectionView-Avancado/Info.plist";
				INFOPLIST_KEY_UIApplicationSupportsIndirectInputEvents = YES;
				INFOPLIST_KEY_UILaunchStoryboardName = LaunchScreen;
				INFOPLIST_KEY_UIMainStoryboardFile = Main;
				INFOPLIST_KEY_UISupportedInterfaceOrientations_iPad = "UIInterfaceOrientationPortrait UIInterfaceOrientationPortraitUpsideDown UIInterfaceOrientationLandscapeLeft UIInterfaceOrientationLandscapeRight";
				INFOPLIST_KEY_UISupportedInterfaceOrientations_iPhone = "UIInterfaceOrientationPortrait UIInterfaceOrientationLandscapeLeft UIInterfaceOrientationLandscapeRight";
				LD_RUNPATH_SEARCH_PATHS = (
					"$(inherited)",
					"@executable_path/Frameworks",
				);
				MARKETING_VERSION = 1.0;
				PRODUCT_BUNDLE_IDENTIFIER = "GabrielMors.CollectionView-Avancado";
				PRODUCT_NAME = "$(TARGET_NAME)";
				SWIFT_EMIT_LOC_STRINGS = YES;
				SWIFT_VERSION = 5.0;
				TARGETED_DEVICE_FAMILY = "1,2";
			};
			name = Release;
		};
/* End XCBuildConfiguration section */

/* Begin XCConfigurationList section */
		C40F74D22C9501A400C44FBC /* Build configuration list for PBXProject "CollectionView-Avancado" */ = {
			isa = XCConfigurationList;
			buildConfigurations = (
				C40F74E92C9501A700C44FBC /* Debug */,
				C40F74EA2C9501A700C44FBC /* Release */,
			);
			defaultConfigurationIsVisible = 0;
			defaultConfigurationName = Release;
		};
		C40F74EB2C9501A700C44FBC /* Build configuration list for PBXNativeTarget "CollectionView-Avancado" */ = {
			isa = XCConfigurationList;
			buildConfigurations = (
				C40F74EC2C9501A700C44FBC /* Debug */,
				C40F74ED2C9501A700C44FBC /* Release */,
			);
			defaultConfigurationIsVisible = 0;
			defaultConfigurationName = Release;
		};
/* End XCConfigurationList section */
	};
	rootObject = C40F74CF2C9501A400C44FBC /* Project object */;
}
