// !$*UTF8*$!
{
	archiveVersion = 1;
	classes = {
	};
	objectVersion = 77;
	objects = {

/* Begin PBXBuildFile section */
		C429AFD02CBDF2DC00F691DB /* Alert.swift in Sources */ = {isa = PBXBuildFile; fileRef = C429AFB52CBDF2DC00F691DB /* Alert.swift */; };
		C429AFD12CBDF2DC00F691DB /* RouletteView.swift in Sources */ = {isa = PBXBuildFile; fileRef = C429AFB72CBDF2DC00F691DB /* RouletteView.swift */; };
		C429AFD22CBDF2DC00F691DB /* EmptyTableViewCell.swift in Sources */ = {isa = PBXBuildFile; fileRef = C429AFB92CBDF2DC00F691DB /* EmptyTableViewCell.swift */; };
		C429AFD32CBDF2DC00F691DB /* PersonTableViewCell.swift in Sources */ = {isa = PBXBuildFile; fileRef = C429AFBA2CBDF2DC00F691DB /* PersonTableViewCell.swift */; };
		C429AFD42CBDF2DC00F691DB /* HomeScreen.swift in Sources */ = {isa = PBXBuildFile; fileRef = C429AFBC2CBDF2DC00F691DB /* HomeScreen.swift */; };
		C429AFD52CBDF2DC00F691DB /* HomeViewController.swift in Sources */ = {isa = PBXBuildFile; fileRef = C429AFBD2CBDF2DC00F691DB /* HomeViewController.swift */; };
		C429AFD62CBDF2DC00F691DB /* LoginScreen.swift in Sources */ = {isa = PBXBuildFile; fileRef = C429AFBF2CBDF2DC00F691DB /* LoginScreen.swift */; };
		C429AFD72CBDF2DC00F691DB /* LoginViewController.swift in Sources */ = {isa = PBXBuildFile; fileRef = C429AFC12CBDF2DC00F691DB /* LoginViewController.swift */; };
		C429AFD82CBDF2DC00F691DB /* Person.swift in Sources */ = {isa = PBXBuildFile; fileRef = C429AFC32CBDF2DC00F691DB /* Person.swift */; };
		C429AFD92CBDF2DC00F691DB /* RegisterScreen.swift in Sources */ = {isa = PBXBuildFile; fileRef = C429AFC52CBDF2DC00F691DB /* RegisterScreen.swift */; };
		C429AFDA2CBDF2DC00F691DB /* RegisterViewController.swift in Sources */ = {isa = PBXBuildFile; fileRef = C429AFC62CBDF2DC00F691DB /* RegisterViewController.swift */; };
		C429AFDB2CBDF2DC00F691DB /* AppDelegate.swift in Sources */ = {isa = PBXBuildFile; fileRef = C429AFC82CBDF2DC00F691DB /* AppDelegate.swift */; };
		C429AFDC2CBDF2DC00F691DB /* SceneDelegate.swift in Sources */ = {isa = PBXBuildFile; fileRef = C429AFCC2CBDF2DC00F691DB /* SceneDelegate.swift */; };
		C429AFDD2CBDF2DC00F691DB /* Assets.xcassets in Resources */ = {isa = PBXBuildFile; fileRef = C429AFC92CBDF2DC00F691DB /* Assets.xcassets */; };
		C429AFDE2CBDF2DC00F691DB /* LaunchScreen.storyboard in Resources */ = {isa = PBXBuildFile; fileRef = C429AFCB2CBDF2DC00F691DB /* LaunchScreen.storyboard */; };
		C429AFE22CBDF32400F691DB /* HomeViewModel.swift in Sources */ = {isa = PBXBuildFile; fileRef = C429AFE12CBDF32400F691DB /* HomeViewModel.swift */; };
/* End PBXBuildFile section */

/* Begin PBXFileReference section */
		C429AFB52CBDF2DC00F691DB /* Alert.swift */ = {isa = PBXFileReference; lastKnownFileType = sourcecode.swift; path = Alert.swift; sourceTree = "<group>"; };
		C429AFB72CBDF2DC00F691DB /* RouletteView.swift */ = {isa = PBXFileReference; lastKnownFileType = sourcecode.swift; path = RouletteView.swift; sourceTree = "<group>"; };
		C429AFB92CBDF2DC00F691DB /* EmptyTableViewCell.swift */ = {isa = PBXFileReference; lastKnownFileType = sourcecode.swift; path = EmptyTableViewCell.swift; sourceTree = "<group>"; };
		C429AFBA2CBDF2DC00F691DB /* PersonTableViewCell.swift */ = {isa = PBXFileReference; lastKnownFileType = sourcecode.swift; path = PersonTableViewCell.swift; sourceTree = "<group>"; };
		C429AFBC2CBDF2DC00F691DB /* HomeScreen.swift */ = {isa = PBXFileReference; lastKnownFileType = sourcecode.swift; path = HomeScreen.swift; sourceTree = "<group>"; };
		C429AFBD2CBDF2DC00F691DB /* HomeViewController.swift */ = {isa = PBXFileReference; lastKnownFileType = sourcecode.swift; path = HomeViewController.swift; sourceTree = "<group>"; };
		C429AFBF2CBDF2DC00F691DB /* LoginScreen.swift */ = {isa = PBXFileReference; lastKnownFileType = sourcecode.swift; path = LoginScreen.swift; sourceTree = "<group>"; };
		C429AFC12CBDF2DC00F691DB /* LoginViewController.swift */ = {isa = PBXFileReference; lastKnownFileType = sourcecode.swift; path = LoginViewController.swift; sourceTree = "<group>"; };
		C429AFC32CBDF2DC00F691DB /* Person.swift */ = {isa = PBXFileReference; lastKnownFileType = sourcecode.swift; path = Person.swift; sourceTree = "<group>"; };
		C429AFC52CBDF2DC00F691DB /* RegisterScreen.swift */ = {isa = PBXFileReference; lastKnownFileType = sourcecode.swift; path = RegisterScreen.swift; sourceTree = "<group>"; };
		C429AFC62CBDF2DC00F691DB /* RegisterViewController.swift */ = {isa = PBXFileReference; lastKnownFileType = sourcecode.swift; path = RegisterViewController.swift; sourceTree = "<group>"; };
		C429AFC82CBDF2DC00F691DB /* AppDelegate.swift */ = {isa = PBXFileReference; lastKnownFileType = sourcecode.swift; path = AppDelegate.swift; sourceTree = "<group>"; };
		C429AFC92CBDF2DC00F691DB /* Assets.xcassets */ = {isa = PBXFileReference; lastKnownFileType = folder.assetcatalog; path = Assets.xcassets; sourceTree = "<group>"; };
		C429AFCA2CBDF2DC00F691DB /* Base */ = {isa = PBXFileReference; lastKnownFileType = file.storyboard; name = Base; path = Base.lproj/LaunchScreen.storyboard; sourceTree = "<group>"; };
		C429AFCC2CBDF2DC00F691DB /* SceneDelegate.swift */ = {isa = PBXFileReference; lastKnownFileType = sourcecode.swift; path = SceneDelegate.swift; sourceTree = "<group>"; };
		C429AFCE2CBDF2DC00F691DB /* Info.plist */ = {isa = PBXFileReference; lastKnownFileType = text.plist.xml; path = Info.plist; sourceTree = "<group>"; };
		C429AFE12CBDF32400F691DB /* HomeViewModel.swift */ = {isa = PBXFileReference; lastKnownFileType = sourcecode.swift; path = HomeViewModel.swift; sourceTree = "<group>"; };
		C43C42DC2CA225DB001AB886 /* App-Roleta.app */ = {isa = PBXFileReference; explicitFileType = wrapper.application; includeInIndex = 0; path = "App-Roleta.app"; sourceTree = BUILT_PRODUCTS_DIR; };
/* End PBXFileReference section */

/* Begin PBXFrameworksBuildPhase section */
		C43C42D92CA225DB001AB886 /* Frameworks */ = {
			isa = PBXFrameworksBuildPhase;
			buildActionMask = 2147483647;
			files = (
			);
			runOnlyForDeploymentPostprocessing = 0;
		};
/* End PBXFrameworksBuildPhase section */

/* Begin PBXGroup section */
		C429AFB62CBDF2DC00F691DB /* Alert */ = {
			isa = PBXGroup;
			children = (
				C429AFB52CBDF2DC00F691DB /* Alert.swift */,
			);
			path = Alert;
			sourceTree = "<group>";
		};
		C429AFB82CBDF2DC00F691DB /* Animation */ = {
			isa = PBXGroup;
			children = (
				C429AFB72CBDF2DC00F691DB /* RouletteView.swift */,
			);
			path = Animation;
			sourceTree = "<group>";
		};
		C429AFBB2CBDF2DC00F691DB /* Cell */ = {
			isa = PBXGroup;
			children = (
				C429AFB92CBDF2DC00F691DB /* EmptyTableViewCell.swift */,
				C429AFBA2CBDF2DC00F691DB /* PersonTableViewCell.swift */,
			);
			path = Cell;
			sourceTree = "<group>";
		};
		C429AFBE2CBDF2DC00F691DB /* Home */ = {
			isa = PBXGroup;
			children = (
				C429AFBB2CBDF2DC00F691DB /* Cell */,
				C429AFE02CBDF31200F691DB /* ViewModel */,
				C429AFE32CBDF3F300F691DB /* Screen */,
				C429AFBD2CBDF2DC00F691DB /* HomeViewController.swift */,
			);
			path = Home;
			sourceTree = "<group>";
		};
		C429AFC02CBDF2DC00F691DB /* Screen */ = {
			isa = PBXGroup;
			children = (
				C429AFBF2CBDF2DC00F691DB /* LoginScreen.swift */,
			);
			path = Screen;
			sourceTree = "<group>";
		};
		C429AFC22CBDF2DC00F691DB /* login */ = {
			isa = PBXGroup;
			children = (
				C429AFC02CBDF2DC00F691DB /* Screen */,
				C429AFC12CBDF2DC00F691DB /* LoginViewController.swift */,
			);
			path = login;
			sourceTree = "<group>";
		};
		C429AFC42CBDF2DC00F691DB /* Model */ = {
			isa = PBXGroup;
			children = (
				C429AFC32CBDF2DC00F691DB /* Person.swift */,
			);
			path = Model;
			sourceTree = "<group>";
		};
		C429AFC72CBDF2DC00F691DB /* Register */ = {
			isa = PBXGroup;
			children = (
				C429AFC52CBDF2DC00F691DB /* RegisterScreen.swift */,
				C429AFC62CBDF2DC00F691DB /* RegisterViewController.swift */,
			);
			path = Register;
			sourceTree = "<group>";
		};
		C429AFCD2CBDF2DC00F691DB /* Resources */ = {
			isa = PBXGroup;
			children = (
				C429AFC82CBDF2DC00F691DB /* AppDelegate.swift */,
				C429AFC92CBDF2DC00F691DB /* Assets.xcassets */,
				C429AFCB2CBDF2DC00F691DB /* LaunchScreen.storyboard */,
				C429AFCC2CBDF2DC00F691DB /* SceneDelegate.swift */,
			);
			path = Resources;
			sourceTree = "<group>";
		};
		C429AFCF2CBDF2DC00F691DB /* App-Roleta */ = {
			isa = PBXGroup;
			children = (
				C429AFC42CBDF2DC00F691DB /* Model */,
				C429AFB62CBDF2DC00F691DB /* Alert */,
				C429AFB82CBDF2DC00F691DB /* Animation */,
				C429AFBE2CBDF2DC00F691DB /* Home */,
				C429AFC22CBDF2DC00F691DB /* login */,
				C429AFC72CBDF2DC00F691DB /* Register */,
				C429AFCD2CBDF2DC00F691DB /* Resources */,
				C429AFCE2CBDF2DC00F691DB /* Info.plist */,
			);
			path = "App-Roleta";
			sourceTree = "<group>";
		};
		C429AFE02CBDF31200F691DB /* ViewModel */ = {
			isa = PBXGroup;
			children = (
				C429AFE12CBDF32400F691DB /* HomeViewModel.swift */,
			);
			path = ViewModel;
			sourceTree = "<group>";
		};
		C429AFE32CBDF3F300F691DB /* Screen */ = {
			isa = PBXGroup;
			children = (
				C429AFBC2CBDF2DC00F691DB /* HomeScreen.swift */,
			);
			path = Screen;
			sourceTree = "<group>";
		};
		C43C42D32CA225DB001AB886 = {
			isa = PBXGroup;
			children = (
				C429AFCF2CBDF2DC00F691DB /* App-Roleta */,
				C43C42DD2CA225DB001AB886 /* Products */,
			);
			sourceTree = "<group>";
		};
		C43C42DD2CA225DB001AB886 /* Products */ = {
			isa = PBXGroup;
			children = (
				C43C42DC2CA225DB001AB886 /* App-Roleta.app */,
			);
			name = Products;
			sourceTree = "<group>";
		};
/* End PBXGroup section */

/* Begin PBXNativeTarget section */
		C43C42DB2CA225DB001AB886 /* App-Roleta */ = {
			isa = PBXNativeTarget;
			buildConfigurationList = C43C42EF2CA225E2001AB886 /* Build configuration list for PBXNativeTarget "App-Roleta" */;
			buildPhases = (
				C43C42D82CA225DB001AB886 /* Sources */,
				C43C42D92CA225DB001AB886 /* Frameworks */,
				C43C42DA2CA225DB001AB886 /* Resources */,
			);
			buildRules = (
			);
			dependencies = (
			);
			name = "App-Roleta";
			packageProductDependencies = (
			);
			productName = "App-Roleta";
			productReference = C43C42DC2CA225DB001AB886 /* App-Roleta.app */;
			productType = "com.apple.product-type.application";
		};
/* End PBXNativeTarget section */

/* Begin PBXProject section */
		C43C42D42CA225DB001AB886 /* Project object */ = {
			isa = PBXProject;
			attributes = {
				BuildIndependentTargetsInParallel = 1;
				LastSwiftUpdateCheck = 1600;
				LastUpgradeCheck = 1600;
				TargetAttributes = {
					C43C42DB2CA225DB001AB886 = {
						CreatedOnToolsVersion = 16.0;
					};
				};
			};
			buildConfigurationList = C43C42D72CA225DB001AB886 /* Build configuration list for PBXProject "App-Roleta" */;
			developmentRegion = en;
			hasScannedForEncodings = 0;
			knownRegions = (
				en,
				Base,
			);
			mainGroup = C43C42D32CA225DB001AB886;
			minimizedProjectReferenceProxies = 1;
			preferredProjectObjectVersion = 77;
			productRefGroup = C43C42DD2CA225DB001AB886 /* Products */;
			projectDirPath = "";
			projectRoot = "";
			targets = (
				C43C42DB2CA225DB001AB886 /* App-Roleta */,
			);
		};
/* End PBXProject section */

/* Begin PBXResourcesBuildPhase section */
		C43C42DA2CA225DB001AB886 /* Resources */ = {
			isa = PBXResourcesBuildPhase;
			buildActionMask = 2147483647;
			files = (
				C429AFDD2CBDF2DC00F691DB /* Assets.xcassets in Resources */,
				C429AFDE2CBDF2DC00F691DB /* LaunchScreen.storyboard in Resources */,
			);
			runOnlyForDeploymentPostprocessing = 0;
		};
/* End PBXResourcesBuildPhase section */

/* Begin PBXSourcesBuildPhase section */
		C43C42D82CA225DB001AB886 /* Sources */ = {
			isa = PBXSourcesBuildPhase;
			buildActionMask = 2147483647;
			files = (
				C429AFD02CBDF2DC00F691DB /* Alert.swift in Sources */,
				C429AFD12CBDF2DC00F691DB /* RouletteView.swift in Sources */,
				C429AFD22CBDF2DC00F691DB /* EmptyTableViewCell.swift in Sources */,
				C429AFD32CBDF2DC00F691DB /* PersonTableViewCell.swift in Sources */,
				C429AFD42CBDF2DC00F691DB /* HomeScreen.swift in Sources */,
				C429AFD52CBDF2DC00F691DB /* HomeViewController.swift in Sources */,
				C429AFD62CBDF2DC00F691DB /* LoginScreen.swift in Sources */,
				C429AFD72CBDF2DC00F691DB /* LoginViewController.swift in Sources */,
				C429AFD82CBDF2DC00F691DB /* Person.swift in Sources */,
				C429AFE22CBDF32400F691DB /* HomeViewModel.swift in Sources */,
				C429AFD92CBDF2DC00F691DB /* RegisterScreen.swift in Sources */,
				C429AFDA2CBDF2DC00F691DB /* RegisterViewController.swift in Sources */,
				C429AFDB2CBDF2DC00F691DB /* AppDelegate.swift in Sources */,
				C429AFDC2CBDF2DC00F691DB /* SceneDelegate.swift in Sources */,
			);
			runOnlyForDeploymentPostprocessing = 0;
		};
/* End PBXSourcesBuildPhase section */

/* Begin PBXVariantGroup section */
		C429AFCB2CBDF2DC00F691DB /* LaunchScreen.storyboard */ = {
			isa = PBXVariantGroup;
			children = (
				C429AFCA2CBDF2DC00F691DB /* Base */,
			);
			name = LaunchScreen.storyboard;
			sourceTree = "<group>";
		};
/* End PBXVariantGroup section */

/* Begin XCBuildConfiguration section */
		C43C42F02CA225E2001AB886 /* Debug */ = {
			isa = XCBuildConfiguration;
			buildSettings = {
				ASSETCATALOG_COMPILER_APPICON_NAME = AppIcon;
				ASSETCATALOG_COMPILER_GLOBAL_ACCENT_COLOR_NAME = AccentColor;
				CODE_SIGN_STYLE = Automatic;
				CURRENT_PROJECT_VERSION = 1;
				GENERATE_INFOPLIST_FILE = YES;
				INFOPLIST_FILE = "App-Roleta/Info.plist";
				INFOPLIST_KEY_UIApplicationSupportsIndirectInputEvents = YES;
				INFOPLIST_KEY_UILaunchStoryboardName = LaunchScreen;
				INFOPLIST_KEY_UIMainStoryboardFile = "";
				INFOPLIST_KEY_UISupportedInterfaceOrientations_iPad = "UIInterfaceOrientationPortrait UIInterfaceOrientationPortraitUpsideDown UIInterfaceOrientationLandscapeLeft UIInterfaceOrientationLandscapeRight";
				INFOPLIST_KEY_UISupportedInterfaceOrientations_iPhone = "UIInterfaceOrientationPortrait UIInterfaceOrientationLandscapeLeft UIInterfaceOrientationLandscapeRight";
				LD_RUNPATH_SEARCH_PATHS = (
					"$(inherited)",
					"@executable_path/Frameworks",
				);
				MARKETING_VERSION = 1.0;
				PRODUCT_BUNDLE_IDENTIFIER = "GabrielMors.App-Roleta";
				PRODUCT_NAME = "$(TARGET_NAME)";
				SWIFT_EMIT_LOC_STRINGS = YES;
				SWIFT_VERSION = 5.0;
				TARGETED_DEVICE_FAMILY = "1,2";
			};
			name = Debug;
		};
		C43C42F12CA225E2001AB886 /* Release */ = {
			isa = XCBuildConfiguration;
			buildSettings = {
				ASSETCATALOG_COMPILER_APPICON_NAME = AppIcon;
				ASSETCATALOG_COMPILER_GLOBAL_ACCENT_COLOR_NAME = AccentColor;
				CODE_SIGN_STYLE = Automatic;
				CURRENT_PROJECT_VERSION = 1;
				GENERATE_INFOPLIST_FILE = YES;
				INFOPLIST_FILE = "App-Roleta/Info.plist";
				INFOPLIST_KEY_UIApplicationSupportsIndirectInputEvents = YES;
				INFOPLIST_KEY_UILaunchStoryboardName = LaunchScreen;
				INFOPLIST_KEY_UIMainStoryboardFile = "";
				INFOPLIST_KEY_UISupportedInterfaceOrientations_iPad = "UIInterfaceOrientationPortrait UIInterfaceOrientationPortraitUpsideDown UIInterfaceOrientationLandscapeLeft UIInterfaceOrientationLandscapeRight";
				INFOPLIST_KEY_UISupportedInterfaceOrientations_iPhone = "UIInterfaceOrientationPortrait UIInterfaceOrientationLandscapeLeft UIInterfaceOrientationLandscapeRight";
				LD_RUNPATH_SEARCH_PATHS = (
					"$(inherited)",
					"@executable_path/Frameworks",
				);
				MARKETING_VERSION = 1.0;
				PRODUCT_BUNDLE_IDENTIFIER = "GabrielMors.App-Roleta";
				PRODUCT_NAME = "$(TARGET_NAME)";
				SWIFT_EMIT_LOC_STRINGS = YES;
				SWIFT_VERSION = 5.0;
				TARGETED_DEVICE_FAMILY = "1,2";
			};
			name = Release;
		};
		C43C42F22CA225E2001AB886 /* Debug */ = {
			isa = XCBuildConfiguration;
			buildSettings = {
				ALWAYS_SEARCH_USER_PATHS = NO;
				ASSETCATALOG_COMPILER_GENERATE_SWIFT_ASSET_SYMBOL_EXTENSIONS = YES;
				CLANG_ANALYZER_NONNULL = YES;
				CLANG_ANALYZER_NUMBER_OBJECT_CONVERSION = YES_AGGRESSIVE;
				CLANG_CXX_LANGUAGE_STANDARD = "gnu++20";
				CLANG_ENABLE_MODULES = YES;
				CLANG_ENABLE_OBJC_ARC = YES;
				CLANG_ENABLE_OBJC_WEAK = YES;
				CLANG_WARN_BLOCK_CAPTURE_AUTORELEASING = YES;
				CLANG_WARN_BOOL_CONVERSION = YES;
				CLANG_WARN_COMMA = YES;
				CLANG_WARN_CONSTANT_CONVERSION = YES;
				CLANG_WARN_DEPRECATED_OBJC_IMPLEMENTATIONS = YES;
				CLANG_WARN_DIRECT_OBJC_ISA_USAGE = YES_ERROR;
				CLANG_WARN_DOCUMENTATION_COMMENTS = YES;
				CLANG_WARN_EMPTY_BODY = YES;
				CLANG_WARN_ENUM_CONVERSION = YES;
				CLANG_WARN_INFINITE_RECURSION = YES;
				CLANG_WARN_INT_CONVERSION = YES;
				CLANG_WARN_NON_LITERAL_NULL_CONVERSION = YES;
				CLANG_WARN_OBJC_IMPLICIT_RETAIN_SELF = YES;
				CLANG_WARN_OBJC_LITERAL_CONVERSION = YES;
				CLANG_WARN_OBJC_ROOT_CLASS = YES_ERROR;
				CLANG_WARN_QUOTED_INCLUDE_IN_FRAMEWORK_HEADER = YES;
				CLANG_WARN_RANGE_LOOP_ANALYSIS = YES;
				CLANG_WARN_STRICT_PROTOTYPES = YES;
				CLANG_WARN_SUSPICIOUS_MOVE = YES;
				CLANG_WARN_UNGUARDED_AVAILABILITY = YES_AGGRESSIVE;
				CLANG_WARN_UNREACHABLE_CODE = YES;
				CLANG_WARN__DUPLICATE_METHOD_MATCH = YES;
				COPY_PHASE_STRIP = NO;
				DEBUG_INFORMATION_FORMAT = dwarf;
				ENABLE_STRICT_OBJC_MSGSEND = YES;
				ENABLE_TESTABILITY = YES;
				ENABLE_USER_SCRIPT_SANDBOXING = YES;
				GCC_C_LANGUAGE_STANDARD = gnu17;
				GCC_DYNAMIC_NO_PIC = NO;
				GCC_NO_COMMON_BLOCKS = YES;
				GCC_OPTIMIZATION_LEVEL = 0;
				GCC_PREPROCESSOR_DEFINITIONS = (
					"DEBUG=1",
					"$(inherited)",
				);
				GCC_WARN_64_TO_32_BIT_CONVERSION = YES;
				GCC_WARN_ABOUT_RETURN_TYPE = YES_ERROR;
				GCC_WARN_UNDECLARED_SELECTOR = YES;
				GCC_WARN_UNINITIALIZED_AUTOS = YES_AGGRESSIVE;
				GCC_WARN_UNUSED_FUNCTION = YES;
				GCC_WARN_UNUSED_VARIABLE = YES;
				IPHONEOS_DEPLOYMENT_TARGET = 18.0;
				LOCALIZATION_PREFERS_STRING_CATALOGS = YES;
				MTL_ENABLE_DEBUG_INFO = INCLUDE_SOURCE;
				MTL_FAST_MATH = YES;
				ONLY_ACTIVE_ARCH = YES;
				SDKROOT = iphoneos;
				SWIFT_ACTIVE_COMPILATION_CONDITIONS = "DEBUG $(inherited)";
				SWIFT_OPTIMIZATION_LEVEL = "-Onone";
			};
			name = Debug;
		};
		C43C42F32CA225E2001AB886 /* Release */ = {
			isa = XCBuildConfiguration;
			buildSettings = {
				ALWAYS_SEARCH_USER_PATHS = NO;
				ASSETCATALOG_COMPILER_GENERATE_SWIFT_ASSET_SYMBOL_EXTENSIONS = YES;
				CLANG_ANALYZER_NONNULL = YES;
				CLANG_ANALYZER_NUMBER_OBJECT_CONVERSION = YES_AGGRESSIVE;
				CLANG_CXX_LANGUAGE_STANDARD = "gnu++20";
				CLANG_ENABLE_MODULES = YES;
				CLANG_ENABLE_OBJC_ARC = YES;
				CLANG_ENABLE_OBJC_WEAK = YES;
				CLANG_WARN_BLOCK_CAPTURE_AUTORELEASING = YES;
				CLANG_WARN_BOOL_CONVERSION = YES;
				CLANG_WARN_COMMA = YES;
				CLANG_WARN_CONSTANT_CONVERSION = YES;
				CLANG_WARN_DEPRECATED_OBJC_IMPLEMENTATIONS = YES;
				CLANG_WARN_DIRECT_OBJC_ISA_USAGE = YES_ERROR;
				CLANG_WARN_DOCUMENTATION_COMMENTS = YES;
				CLANG_WARN_EMPTY_BODY = YES;
				CLANG_WARN_ENUM_CONVERSION = YES;
				CLANG_WARN_INFINITE_RECURSION = YES;
				CLANG_WARN_INT_CONVERSION = YES;
				CLANG_WARN_NON_LITERAL_NULL_CONVERSION = YES;
				CLANG_WARN_OBJC_IMPLICIT_RETAIN_SELF = YES;
				CLANG_WARN_OBJC_LITERAL_CONVERSION = YES;
				CLANG_WARN_OBJC_ROOT_CLASS = YES_ERROR;
				CLANG_WARN_QUOTED_INCLUDE_IN_FRAMEWORK_HEADER = YES;
				CLANG_WARN_RANGE_LOOP_ANALYSIS = YES;
				CLANG_WARN_STRICT_PROTOTYPES = YES;
				CLANG_WARN_SUSPICIOUS_MOVE = YES;
				CLANG_WARN_UNGUARDED_AVAILABILITY = YES_AGGRESSIVE;
				CLANG_WARN_UNREACHABLE_CODE = YES;
				CLANG_WARN__DUPLICATE_METHOD_MATCH = YES;
				COPY_PHASE_STRIP = NO;
				DEBUG_INFORMATION_FORMAT = "dwarf-with-dsym";
				ENABLE_NS_ASSERTIONS = NO;
				ENABLE_STRICT_OBJC_MSGSEND = YES;
				ENABLE_USER_SCRIPT_SANDBOXING = YES;
				GCC_C_LANGUAGE_STANDARD = gnu17;
				GCC_NO_COMMON_BLOCKS = YES;
				GCC_WARN_64_TO_32_BIT_CONVERSION = YES;
				GCC_WARN_ABOUT_RETURN_TYPE = YES_ERROR;
				GCC_WARN_UNDECLARED_SELECTOR = YES;
				GCC_WARN_UNINITIALIZED_AUTOS = YES_AGGRESSIVE;
				GCC_WARN_UNUSED_FUNCTION = YES;
				GCC_WARN_UNUSED_VARIABLE = YES;
				IPHONEOS_DEPLOYMENT_TARGET = 18.0;
				LOCALIZATION_PREFERS_STRING_CATALOGS = YES;
				MTL_ENABLE_DEBUG_INFO = NO;
				MTL_FAST_MATH = YES;
				SDKROOT = iphoneos;
				SWIFT_COMPILATION_MODE = wholemodule;
				VALIDATE_PRODUCT = YES;
			};
			name = Release;
		};
/* End XCBuildConfiguration section */

/* Begin XCConfigurationList section */
		C43C42D72CA225DB001AB886 /* Build configuration list for PBXProject "App-Roleta" */ = {
			isa = XCConfigurationList;
			buildConfigurations = (
				C43C42F22CA225E2001AB886 /* Debug */,
				C43C42F32CA225E2001AB886 /* Release */,
			);
			defaultConfigurationIsVisible = 0;
			defaultConfigurationName = Release;
		};
		C43C42EF2CA225E2001AB886 /* Build configuration list for PBXNativeTarget "App-Roleta" */ = {
			isa = XCConfigurationList;
			buildConfigurations = (
				C43C42F02CA225E2001AB886 /* Debug */,
				C43C42F12CA225E2001AB886 /* Release */,
			);
			defaultConfigurationIsVisible = 0;
			defaultConfigurationName = Release;
		};
/* End XCConfigurationList section */
	};
	rootObject = C43C42D42CA225DB001AB886 /* Project object */;
}
